// !$*UTF8*$!
{
	archiveVersion = 1;
	classes = {
	};
	objectVersion = 46;
	objects = {

/* Begin PBXBuildFile section */
		375ED8FC188F5F0500423CF8 /* FeedbackViewController.m in Sources */ = {isa = PBXBuildFile; fileRef = 375ED8FA188F5F0500423CF8 /* FeedbackViewController.m */; };
		375ED8FD188F5F0500423CF8 /* FeedbackViewController.xib in Resources */ = {isa = PBXBuildFile; fileRef = 375ED8FB188F5F0500423CF8 /* FeedbackViewController.xib */; };
		37A1797618961CF9003AE118 /* DoctorBusiness.m in Sources */ = {isa = PBXBuildFile; fileRef = 37A1797518961CF9003AE118 /* DoctorBusiness.m */; };
		37A3E56C187E31B500F075B0 /* AppPropertyList.plist in Resources */ = {isa = PBXBuildFile; fileRef = 37A3E56B187E31B500F075B0 /* AppPropertyList.plist */; };
		37A8544F1888EB4500543874 /* AnnouncementViewController.m in Sources */ = {isa = PBXBuildFile; fileRef = 37A8544D1888EB4500543874 /* AnnouncementViewController.m */; };
		37A854501888EB4500543874 /* AnnouncementViewController.xib in Resources */ = {isa = PBXBuildFile; fileRef = 37A8544E1888EB4500543874 /* AnnouncementViewController.xib */; };
		37A854581889002C00543874 /* Announcement.m in Sources */ = {isa = PBXBuildFile; fileRef = 37A854571889002C00543874 /* Announcement.m */; };
		37A8545C1889012500543874 /* AnnouncementDetailViewController.m in Sources */ = {isa = PBXBuildFile; fileRef = 37A8545A1889012500543874 /* AnnouncementDetailViewController.m */; };
		37A8545D1889012500543874 /* AnnouncementDetailViewController.xib in Resources */ = {isa = PBXBuildFile; fileRef = 37A8545B1889012500543874 /* AnnouncementDetailViewController.xib */; };
		37A8D5F61876A23C0015432A /* QuartzCore.framework in Frameworks */ = {isa = PBXBuildFile; fileRef = 37A8D5F51876A23C0015432A /* QuartzCore.framework */; };
		37AACA69189749AC00438762 /* AlertCustomCell.m in Sources */ = {isa = PBXBuildFile; fileRef = 37AACA68189749AC00438762 /* AlertCustomCell.m */; };
		37AACA6C1897693200438762 /* Algorithm.m in Sources */ = {isa = PBXBuildFile; fileRef = 37AACA6B1897693200438762 /* Algorithm.m */; };
		37B51C441894983700954432 /* SessionMessageSqlite.m in Sources */ = {isa = PBXBuildFile; fileRef = 37B51C431894983700954432 /* SessionMessageSqlite.m */; };
		37B51C461894984A00954432 /* libsqlite3.dylib in Frameworks */ = {isa = PBXBuildFile; fileRef = 37B51C451894984A00954432 /* libsqlite3.dylib */; };
		37B51C4C1894EB4600954432 /* Renkoo in Resources */ = {isa = PBXBuildFile; fileRef = 37B51C4B1894EB4600954432 /* Renkoo */; };
		37B6E070188E35FF00A273AB /* ModifyPasswordViewController.m in Sources */ = {isa = PBXBuildFile; fileRef = 37B6E06E188E35FF00A273AB /* ModifyPasswordViewController.m */; };
		37B6E071188E35FF00A273AB /* ModifyPasswordViewController.xib in Resources */ = {isa = PBXBuildFile; fileRef = 37B6E06F188E35FF00A273AB /* ModifyPasswordViewController.xib */; };
		37B6E075188E6B6500A273AB /* Message.m in Sources */ = {isa = PBXBuildFile; fileRef = 37B6E074188E6B6500A273AB /* Message.m */; };
		37B8A05A1890AA9A00FE7D44 /* ViewBuilder.m in Sources */ = {isa = PBXBuildFile; fileRef = 37B8A0591890AA9A00FE7D44 /* ViewBuilder.m */; };
		37B8A05D1890B0FC00FE7D44 /* UILabel+FitHeight.m in Sources */ = {isa = PBXBuildFile; fileRef = 37B8A05C1890B0FC00FE7D44 /* UILabel+FitHeight.m */; };
		37B8A0641890FAC000FE7D44 /* SessionViewController.xib in Resources */ = {isa = PBXBuildFile; fileRef = 37B8A0631890FAC000FE7D44 /* SessionViewController.xib */; };
		37BF92FC1891EAC900B50627 /* SessionMessage.m in Sources */ = {isa = PBXBuildFile; fileRef = 37BF92FB1891EAC900B50627 /* SessionMessage.m */; };
		37BF92FF1891ED3900B50627 /* SessionMessageStyleManager.m in Sources */ = {isa = PBXBuildFile; fileRef = 37BF92FE1891ED3900B50627 /* SessionMessageStyleManager.m */; };
		37BF94371891EE8300B50627 /* Template.html in Resources */ = {isa = PBXBuildFile; fileRef = 37BF939E1891EE8300B50627 /* Template.html */; };
		37C64EA0188CEF970041BAA7 /* ForgetPasswordViewController.m in Sources */ = {isa = PBXBuildFile; fileRef = 37C64E9E188CEF970041BAA7 /* ForgetPasswordViewController.m */; };
		37C64EA1188CEF970041BAA7 /* ForgetPasswordViewController.xib in Resources */ = {isa = PBXBuildFile; fileRef = 37C64E9F188CEF970041BAA7 /* ForgetPasswordViewController.xib */; };
		37C64EA5188CFF010041BAA7 /* ForgetPasswordSetPWDViewController.m in Sources */ = {isa = PBXBuildFile; fileRef = 37C64EA3188CFF010041BAA7 /* ForgetPasswordSetPWDViewController.m */; };
		37C64EA6188CFF010041BAA7 /* ForgetPasswordSetPWDViewController.xib in Resources */ = {isa = PBXBuildFile; fileRef = 37C64EA4188CFF010041BAA7 /* ForgetPasswordSetPWDViewController.xib */; };
		8B94AB031848663200CA5869 /* Foundation.framework in Frameworks */ = {isa = PBXBuildFile; fileRef = 8B94AB021848663200CA5869 /* Foundation.framework */; };
		8B94AB051848663200CA5869 /* CoreGraphics.framework in Frameworks */ = {isa = PBXBuildFile; fileRef = 8B94AB041848663200CA5869 /* CoreGraphics.framework */; };
		8B94AB071848663200CA5869 /* UIKit.framework in Frameworks */ = {isa = PBXBuildFile; fileRef = 8B94AB061848663200CA5869 /* UIKit.framework */; };
		8B94AB091848663200CA5869 /* CoreData.framework in Frameworks */ = {isa = PBXBuildFile; fileRef = 8B94AB081848663200CA5869 /* CoreData.framework */; };
		8B94AB0F1848663300CA5869 /* InfoPlist.strings in Resources */ = {isa = PBXBuildFile; fileRef = 8B94AB0D1848663300CA5869 /* InfoPlist.strings */; };
		8B94AB111848663300CA5869 /* main.m in Sources */ = {isa = PBXBuildFile; fileRef = 8B94AB101848663300CA5869 /* main.m */; };
		8B94AB151848663300CA5869 /* AppDelegate.m in Sources */ = {isa = PBXBuildFile; fileRef = 8B94AB141848663300CA5869 /* AppDelegate.m */; };
		8B94AB181848663300CA5869 /* HealthManager.xcdatamodeld in Sources */ = {isa = PBXBuildFile; fileRef = 8B94AB161848663300CA5869 /* HealthManager.xcdatamodeld */; };
		8B94AB1A1848663300CA5869 /* Images.xcassets in Resources */ = {isa = PBXBuildFile; fileRef = 8B94AB191848663300CA5869 /* Images.xcassets */; };
		8B94AB211848663300CA5869 /* XCTest.framework in Frameworks */ = {isa = PBXBuildFile; fileRef = 8B94AB201848663300CA5869 /* XCTest.framework */; };
		8B94AB221848663300CA5869 /* Foundation.framework in Frameworks */ = {isa = PBXBuildFile; fileRef = 8B94AB021848663200CA5869 /* Foundation.framework */; };
		8B94AB231848663300CA5869 /* UIKit.framework in Frameworks */ = {isa = PBXBuildFile; fileRef = 8B94AB061848663200CA5869 /* UIKit.framework */; };
		8B94AB241848663300CA5869 /* CoreData.framework in Frameworks */ = {isa = PBXBuildFile; fileRef = 8B94AB081848663200CA5869 /* CoreData.framework */; };
		8B94AB2C1848663300CA5869 /* InfoPlist.strings in Resources */ = {isa = PBXBuildFile; fileRef = 8B94AB2A1848663300CA5869 /* InfoPlist.strings */; };
		8B94AB2E1848663300CA5869 /* HealthManagerTests.m in Sources */ = {isa = PBXBuildFile; fileRef = 8B94AB2D1848663300CA5869 /* HealthManagerTests.m */; };
		8B9BEEB61887736200A669C1 /* defaultProfile.png in Resources */ = {isa = PBXBuildFile; fileRef = 8B9BEEB51887736200A669C1 /* defaultProfile.png */; };
		8B9BEEBE18877F6E00A669C1 /* NSDictionary+NullOBJForKey.m in Sources */ = {isa = PBXBuildFile; fileRef = 8B9BEEBD18877F6E00A669C1 /* NSDictionary+NullOBJForKey.m */; };
		8B9C96071888D6E000F87E00 /* SettingAndMoreSuperViewController.m in Sources */ = {isa = PBXBuildFile; fileRef = 8B9C96061888D6E000F87E00 /* SettingAndMoreSuperViewController.m */; };
		8BFE177B187FEC5700D1F48A /* AFHTTPClient.m in Sources */ = {isa = PBXBuildFile; fileRef = 8BFE173F187FEC5600D1F48A /* AFHTTPClient.m */; };
		8BFE177C187FEC5700D1F48A /* AFHTTPRequestOperation.m in Sources */ = {isa = PBXBuildFile; fileRef = 8BFE1741187FEC5600D1F48A /* AFHTTPRequestOperation.m */; };
		8BFE177D187FEC5700D1F48A /* AFImageRequestOperation.m in Sources */ = {isa = PBXBuildFile; fileRef = 8BFE1743187FEC5600D1F48A /* AFImageRequestOperation.m */; };
		8BFE177E187FEC5700D1F48A /* AFJSONRequestOperation.m in Sources */ = {isa = PBXBuildFile; fileRef = 8BFE1745187FEC5600D1F48A /* AFJSONRequestOperation.m */; };
		8BFE177F187FEC5700D1F48A /* AFNetworkActivityIndicatorManager.m in Sources */ = {isa = PBXBuildFile; fileRef = 8BFE1747187FEC5600D1F48A /* AFNetworkActivityIndicatorManager.m */; };
		8BFE1780187FEC5700D1F48A /* AFPropertyListRequestOperation.m in Sources */ = {isa = PBXBuildFile; fileRef = 8BFE174A187FEC5600D1F48A /* AFPropertyListRequestOperation.m */; };
		8BFE1781187FEC5700D1F48A /* AFURLConnectionOperation.m in Sources */ = {isa = PBXBuildFile; fileRef = 8BFE174C187FEC5600D1F48A /* AFURLConnectionOperation.m */; };
		8BFE1782187FEC5700D1F48A /* AFXMLRequestOperation.m in Sources */ = {isa = PBXBuildFile; fileRef = 8BFE174E187FEC5600D1F48A /* AFXMLRequestOperation.m */; };
		8BFE1783187FEC5700D1F48A /* UIImageView+AFNetworking.m in Sources */ = {isa = PBXBuildFile; fileRef = 8BFE1750187FEC5600D1F48A /* UIImageView+AFNetworking.m */; };
		8BFE1785187FEC5700D1F48A /* LSBackGrayView.m in Sources */ = {isa = PBXBuildFile; fileRef = 8BFE1755187FEC5600D1F48A /* LSBackGrayView.m */; };
		8BFE1786187FEC5700D1F48A /* LSSegment.m in Sources */ = {isa = PBXBuildFile; fileRef = 8BFE1757187FEC5600D1F48A /* LSSegment.m */; };
		8BFE1787187FEC5700D1F48A /* LSTextField.m in Sources */ = {isa = PBXBuildFile; fileRef = 8BFE1759187FEC5600D1F48A /* LSTextField.m */; };
		8BFE1788187FEC5700D1F48A /* HttpRequestManager.m in Sources */ = {isa = PBXBuildFile; fileRef = 8BFE175C187FEC5600D1F48A /* HttpRequestManager.m */; };
		8BFE178F187FECDC00D1F48A /* SystemConfiguration.framework in Frameworks */ = {isa = PBXBuildFile; fileRef = 8BFE178E187FECDC00D1F48A /* SystemConfiguration.framework */; };
		8BFE1791187FECE300D1F48A /* MobileCoreServices.framework in Frameworks */ = {isa = PBXBuildFile; fileRef = 8BFE1790187FECE300D1F48A /* MobileCoreServices.framework */; };
		9C0BFFAE1886D944002845D9 /* BloodRecordDateData.m in Sources */ = {isa = PBXBuildFile; fileRef = 9C0BFF641886D944002845D9 /* BloodRecordDateData.m */; };
		9C0BFFAF1886D944002845D9 /* BloodRecordModel.m in Sources */ = {isa = PBXBuildFile; fileRef = 9C0BFF661886D944002845D9 /* BloodRecordModel.m */; };
		9C0BFFB01886D944002845D9 /* BloodRecordManager.m in Sources */ = {isa = PBXBuildFile; fileRef = 9C0BFF691886D944002845D9 /* BloodRecordManager.m */; };
		9C0BFFB11886D944002845D9 /* Knowledge.m in Sources */ = {isa = PBXBuildFile; fileRef = 9C0BFF6B1886D944002845D9 /* Knowledge.m */; };
		9C0BFFB31886D944002845D9 /* BackButtonViewController.m in Sources */ = {isa = PBXBuildFile; fileRef = 9C0BFF711886D944002845D9 /* BackButtonViewController.m */; };
		9C0BFFB41886D944002845D9 /* RootSuperCell.m in Sources */ = {isa = PBXBuildFile; fileRef = 9C0BFF741886D944002845D9 /* RootSuperCell.m */; };
		9C0BFFB51886D944002845D9 /* NavigationBarViewController.m in Sources */ = {isa = PBXBuildFile; fileRef = 9C0BFF761886D944002845D9 /* NavigationBarViewController.m */; };
		9C0BFFB61886D944002845D9 /* RootSuperViewController.m in Sources */ = {isa = PBXBuildFile; fileRef = 9C0BFF781886D944002845D9 /* RootSuperViewController.m */; };
		9C0BFFB71886D944002845D9 /* SuperListViewController.m in Sources */ = {isa = PBXBuildFile; fileRef = 9C0BFF7A1886D944002845D9 /* SuperListViewController.m */; };
		9C0BFFB81886D944002845D9 /* AlertViewController.m in Sources */ = {isa = PBXBuildFile; fileRef = 9C0BFF7E1886D944002845D9 /* AlertViewController.m */; };
		9C0BFFB91886D944002845D9 /* AlertViewController.xib in Resources */ = {isa = PBXBuildFile; fileRef = 9C0BFF7F1886D944002845D9 /* AlertViewController.xib */; };
		9C0BFFBA1886D944002845D9 /* BloodRecord.m in Sources */ = {isa = PBXBuildFile; fileRef = 9C0BFF821886D944002845D9 /* BloodRecord.m */; };
		9C0BFFBB1886D944002845D9 /* BloodRecord.xib in Resources */ = {isa = PBXBuildFile; fileRef = 9C0BFF831886D944002845D9 /* BloodRecord.xib */; };
		9C0BFFBC1886D944002845D9 /* BloodViewController.m in Sources */ = {isa = PBXBuildFile; fileRef = 9C0BFF851886D944002845D9 /* BloodViewController.m */; };
		9C0BFFBD1886D944002845D9 /* BloodViewController.xib in Resources */ = {isa = PBXBuildFile; fileRef = 9C0BFF861886D944002845D9 /* BloodViewController.xib */; };
		9C0BFFBE1886D944002845D9 /* LineChartView.m in Sources */ = {isa = PBXBuildFile; fileRef = 9C0BFF881886D944002845D9 /* LineChartView.m */; };
		9C0BFFBF1886D944002845D9 /* DoctorCell.m in Sources */ = {isa = PBXBuildFile; fileRef = 9C0BFF8B1886D944002845D9 /* DoctorCell.m */; };
		9C0BFFC01886D944002845D9 /* DoctorCell.xib in Resources */ = {isa = PBXBuildFile; fileRef = 9C0BFF8C1886D944002845D9 /* DoctorCell.xib */; };
		9C0BFFC11886D944002845D9 /* DoctorViewController.m in Sources */ = {isa = PBXBuildFile; fileRef = 9C0BFF8E1886D944002845D9 /* DoctorViewController.m */; };
		9C0BFFC21886D944002845D9 /* DoctorViewController.xib in Resources */ = {isa = PBXBuildFile; fileRef = 9C0BFF8F1886D944002845D9 /* DoctorViewController.xib */; };
		9C0BFFC31886D944002845D9 /* KnowledgeDetailViewController.m in Sources */ = {isa = PBXBuildFile; fileRef = 9C0BFF921886D944002845D9 /* KnowledgeDetailViewController.m */; };
		9C0BFFC41886D944002845D9 /* KnowledgeDetailViewController.xib in Resources */ = {isa = PBXBuildFile; fileRef = 9C0BFF931886D944002845D9 /* KnowledgeDetailViewController.xib */; };
		9C0BFFC51886D944002845D9 /* KnowledgeViewController.m in Sources */ = {isa = PBXBuildFile; fileRef = 9C0BFF951886D944002845D9 /* KnowledgeViewController.m */; };
		9C0BFFC61886D944002845D9 /* KnowledgeViewController.xib in Resources */ = {isa = PBXBuildFile; fileRef = 9C0BFF961886D944002845D9 /* KnowledgeViewController.xib */; };
		9C0BFFC71886D944002845D9 /* LoginViewController.m in Sources */ = {isa = PBXBuildFile; fileRef = 9C0BFF991886D944002845D9 /* LoginViewController.m */; };
		9C0BFFC81886D944002845D9 /* LoginViewController.xib in Resources */ = {isa = PBXBuildFile; fileRef = 9C0BFF9A1886D944002845D9 /* LoginViewController.xib */; };
		9C0BFFC91886D944002845D9 /* MainViewController.m in Sources */ = {isa = PBXBuildFile; fileRef = 9C0BFF9D1886D944002845D9 /* MainViewController.m */; };
		9C0BFFCA1886D944002845D9 /* MainViewController.xib in Resources */ = {isa = PBXBuildFile; fileRef = 9C0BFF9E1886D944002845D9 /* MainViewController.xib */; };
		9C0BFFCB1886D944002845D9 /* ManagerViewController.m in Sources */ = {isa = PBXBuildFile; fileRef = 9C0BFFA11886D944002845D9 /* ManagerViewController.m */; };
		9C0BFFCC1886D944002845D9 /* ManagerViewController.xib in Resources */ = {isa = PBXBuildFile; fileRef = 9C0BFFA21886D944002845D9 /* ManagerViewController.xib */; };
		9C0BFFCD1886D944002845D9 /* MoreViewController.m in Sources */ = {isa = PBXBuildFile; fileRef = 9C0BFFA51886D944002845D9 /* MoreViewController.m */; };
		9C0BFFCE1886D944002845D9 /* MoreViewController.xib in Resources */ = {isa = PBXBuildFile; fileRef = 9C0BFFA61886D944002845D9 /* MoreViewController.xib */; };
		9C0BFFCF1886D944002845D9 /* SettingRemindTimeViewController.m in Sources */ = {isa = PBXBuildFile; fileRef = 9C0BFFA91886D944002845D9 /* SettingRemindTimeViewController.m */; };
		9C0BFFD01886D944002845D9 /* SettingRemindTimeViewController.xib in Resources */ = {isa = PBXBuildFile; fileRef = 9C0BFFAA1886D944002845D9 /* SettingRemindTimeViewController.xib */; };
		9C0BFFD11886D944002845D9 /* SettingViewController.m in Sources */ = {isa = PBXBuildFile; fileRef = 9C0BFFAC1886D944002845D9 /* SettingViewController.m */; };
		9C0BFFD21886D944002845D9 /* SettingViewController.xib in Resources */ = {isa = PBXBuildFile; fileRef = 9C0BFFAD1886D944002845D9 /* SettingViewController.xib */; };
		9C0BFFD61886DA30002845D9 /* SessionViewController.m in Sources */ = {isa = PBXBuildFile; fileRef = 9C0BFFD51886DA30002845D9 /* SessionViewController.m */; };
		9C911B0918810299004CD648 /* MBProgressHUD.m in Sources */ = {isa = PBXBuildFile; fileRef = 9C911B0618810299004CD648 /* MBProgressHUD.m */; };
		9CFE4E09188826750048C4ED /* Base64.m in Sources */ = {isa = PBXBuildFile; fileRef = 9CFE4E08188826750048C4ED /* Base64.m */; };
		B8232282185F48EA005F2409 /* arrow@2x.png in Resources */ = {isa = PBXBuildFile; fileRef = B823225C185F48EA005F2409 /* arrow@2x.png */; };
		B8232283185F48EA005F2409 /* bbi_left@2x.png in Resources */ = {isa = PBXBuildFile; fileRef = B823225D185F48EA005F2409 /* bbi_left@2x.png */; };
		B8232284185F48EA005F2409 /* blood_segment_1@2x.png in Resources */ = {isa = PBXBuildFile; fileRef = B823225E185F48EA005F2409 /* blood_segment_1@2x.png */; };
		B8232285185F48EA005F2409 /* blood_segment_2@2x.png in Resources */ = {isa = PBXBuildFile; fileRef = B823225F185F48EA005F2409 /* blood_segment_2@2x.png */; };
		B8232286185F48EA005F2409 /* blood_segment_3@2x.png in Resources */ = {isa = PBXBuildFile; fileRef = B8232260185F48EA005F2409 /* blood_segment_3@2x.png */; };
		B8232287185F48EA005F2409 /* blood_segment_selected_1@2x.png in Resources */ = {isa = PBXBuildFile; fileRef = B8232261185F48EA005F2409 /* blood_segment_selected_1@2x.png */; };
		B8232288185F48EA005F2409 /* blood_segment_selected_2@2x.png in Resources */ = {isa = PBXBuildFile; fileRef = B8232262185F48EA005F2409 /* blood_segment_selected_2@2x.png */; };
		B8232289185F48EA005F2409 /* blood_segment_selected_3@2x.png in Resources */ = {isa = PBXBuildFile; fileRef = B8232263185F48EA005F2409 /* blood_segment_selected_3@2x.png */; };
		B823228A185F48EA005F2409 /* blood_table_hit@2x.png in Resources */ = {isa = PBXBuildFile; fileRef = B8232264185F48EA005F2409 /* blood_table_hit@2x.png */; };
		B823228B185F48EA005F2409 /* blood_texfield@2x.png in Resources */ = {isa = PBXBuildFile; fileRef = B8232265185F48EA005F2409 /* blood_texfield@2x.png */; };
		B823228C185F48EA005F2409 /* blood_texfield_selected@2x.png in Resources */ = {isa = PBXBuildFile; fileRef = B8232266185F48EA005F2409 /* blood_texfield_selected@2x.png */; };
		B823228D185F48EA005F2409 /* bt_cancel@2x.png in Resources */ = {isa = PBXBuildFile; fileRef = B8232267185F48EA005F2409 /* bt_cancel@2x.png */; };
		B823228E185F48EA005F2409 /* bt_forget@2x.png in Resources */ = {isa = PBXBuildFile; fileRef = B8232268185F48EA005F2409 /* bt_forget@2x.png */; };
		B823228F185F48EA005F2409 /* bt_login@2x.png in Resources */ = {isa = PBXBuildFile; fileRef = B8232269185F48EA005F2409 /* bt_login@2x.png */; };
		B8232290185F48EA005F2409 /* bt_logoff@2x.png in Resources */ = {isa = PBXBuildFile; fileRef = B823226A185F48EA005F2409 /* bt_logoff@2x.png */; };
		B8232291185F48EA005F2409 /* bt_ok@2x.png in Resources */ = {isa = PBXBuildFile; fileRef = B823226B185F48EA005F2409 /* bt_ok@2x.png */; };
		B8232292185F48EA005F2409 /* bt_pop_cancel@2x.png in Resources */ = {isa = PBXBuildFile; fileRef = B823226C185F48EA005F2409 /* bt_pop_cancel@2x.png */; };
		B8232293185F48EA005F2409 /* bt_pop_ok@2x.png in Resources */ = {isa = PBXBuildFile; fileRef = B823226D185F48EA005F2409 /* bt_pop_ok@2x.png */; };
		B8232294185F48EA005F2409 /* bt_save@2x.png in Resources */ = {isa = PBXBuildFile; fileRef = B823226E185F48EA005F2409 /* bt_save@2x.png */; };
		B8232295185F48EA005F2409 /* Default-568h@2x.png in Resources */ = {isa = PBXBuildFile; fileRef = B823226F185F48EA005F2409 /* Default-568h@2x.png */; };
		B8232296185F48EA005F2409 /* Default@2x.png in Resources */ = {isa = PBXBuildFile; fileRef = B8232270185F48EA005F2409 /* Default@2x.png */; };
		B8232297185F48EA005F2409 /* doctorButton@2x.png in Resources */ = {isa = PBXBuildFile; fileRef = B8232271185F48EA005F2409 /* doctorButton@2x.png */; };
		B8232298185F48EA005F2409 /* Icon-114.png in Resources */ = {isa = PBXBuildFile; fileRef = B8232272185F48EA005F2409 /* Icon-114.png */; };
		B8232299185F48EA005F2409 /* Icon-72.png in Resources */ = {isa = PBXBuildFile; fileRef = B8232273185F48EA005F2409 /* Icon-72.png */; };
		B823229A185F48EA005F2409 /* Icon-Small@2x.png in Resources */ = {isa = PBXBuildFile; fileRef = B8232274185F48EA005F2409 /* Icon-Small@2x.png */; };
		B823229B185F48EA005F2409 /* Icon.png in Resources */ = {isa = PBXBuildFile; fileRef = B8232275185F48EA005F2409 /* Icon.png */; };
		B823229C185F48EA005F2409 /* login_background@2x.png in Resources */ = {isa = PBXBuildFile; fileRef = B8232276185F48EA005F2409 /* login_background@2x.png */; };
		B823229D185F48EA005F2409 /* main_btn_1@2x.png in Resources */ = {isa = PBXBuildFile; fileRef = B8232277185F48EA005F2409 /* main_btn_1@2x.png */; };
		B823229E185F48EA005F2409 /* main_btn_2@2x.png in Resources */ = {isa = PBXBuildFile; fileRef = B8232278185F48EA005F2409 /* main_btn_2@2x.png */; };
		B823229F185F48EA005F2409 /* main_btn_3@2x.png in Resources */ = {isa = PBXBuildFile; fileRef = B8232279185F48EA005F2409 /* main_btn_3@2x.png */; };
		B82322A0185F48EA005F2409 /* main_btn_4@2x.png in Resources */ = {isa = PBXBuildFile; fileRef = B823227A185F48EA005F2409 /* main_btn_4@2x.png */; };
		B82322A1185F48EA005F2409 /* main_btn_5@2x.png in Resources */ = {isa = PBXBuildFile; fileRef = B823227B185F48EA005F2409 /* main_btn_5@2x.png */; };
		B82322A2185F48EA005F2409 /* main_btn_6@2x.png in Resources */ = {isa = PBXBuildFile; fileRef = B823227C185F48EA005F2409 /* main_btn_6@2x.png */; };
		B82322A3185F48EA005F2409 /* main_btn_7@2x.png in Resources */ = {isa = PBXBuildFile; fileRef = B823227D185F48EA005F2409 /* main_btn_7@2x.png */; };
		B82322A4185F48EA005F2409 /* navigation@2x.png in Resources */ = {isa = PBXBuildFile; fileRef = B823227E185F48EA005F2409 /* navigation@2x.png */; };
		B82322A5185F48EA005F2409 /* portrait@2x.png in Resources */ = {isa = PBXBuildFile; fileRef = B823227F185F48EA005F2409 /* portrait@2x.png */; };
		B82322A6185F48EA005F2409 /* textfield@2x.png in Resources */ = {isa = PBXBuildFile; fileRef = B8232280185F48EA005F2409 /* textfield@2x.png */; };
/* End PBXBuildFile section */

/* Begin PBXContainerItemProxy section */
		8B94AB251848663300CA5869 /* PBXContainerItemProxy */ = {
			isa = PBXContainerItemProxy;
			containerPortal = 8B94AAF71848663200CA5869 /* Project object */;
			proxyType = 1;
			remoteGlobalIDString = 8B94AAFE1848663200CA5869;
			remoteInfo = HealthManager;
		};
/* End PBXContainerItemProxy section */

/* Begin PBXFileReference section */
		375ED8F9188F5F0500423CF8 /* FeedbackViewController.h */ = {isa = PBXFileReference; fileEncoding = 4; lastKnownFileType = sourcecode.c.h; path = FeedbackViewController.h; sourceTree = "<group>"; };
		375ED8FA188F5F0500423CF8 /* FeedbackViewController.m */ = {isa = PBXFileReference; fileEncoding = 4; lastKnownFileType = sourcecode.c.objc; path = FeedbackViewController.m; sourceTree = "<group>"; };
		375ED8FB188F5F0500423CF8 /* FeedbackViewController.xib */ = {isa = PBXFileReference; fileEncoding = 4; lastKnownFileType = file.xib; path = FeedbackViewController.xib; sourceTree = "<group>"; };
		37A1797418961CF9003AE118 /* DoctorBusiness.h */ = {isa = PBXFileReference; fileEncoding = 4; lastKnownFileType = sourcecode.c.h; path = DoctorBusiness.h; sourceTree = "<group>"; };
		37A1797518961CF9003AE118 /* DoctorBusiness.m */ = {isa = PBXFileReference; fileEncoding = 4; lastKnownFileType = sourcecode.c.objc; path = DoctorBusiness.m; sourceTree = "<group>"; };
		37A3E56B187E31B500F075B0 /* AppPropertyList.plist */ = {isa = PBXFileReference; fileEncoding = 4; lastKnownFileType = text.plist.xml; name = AppPropertyList.plist; path = HealthManager/AppPropertyList.plist; sourceTree = SOURCE_ROOT; };
		37A8544C1888EB4500543874 /* AnnouncementViewController.h */ = {isa = PBXFileReference; fileEncoding = 4; lastKnownFileType = sourcecode.c.h; path = AnnouncementViewController.h; sourceTree = "<group>"; };
		37A8544D1888EB4500543874 /* AnnouncementViewController.m */ = {isa = PBXFileReference; fileEncoding = 4; lastKnownFileType = sourcecode.c.objc; path = AnnouncementViewController.m; sourceTree = "<group>"; };
		37A8544E1888EB4500543874 /* AnnouncementViewController.xib */ = {isa = PBXFileReference; fileEncoding = 4; lastKnownFileType = file.xib; path = AnnouncementViewController.xib; sourceTree = "<group>"; };
		37A854561889002C00543874 /* Announcement.h */ = {isa = PBXFileReference; fileEncoding = 4; lastKnownFileType = sourcecode.c.h; path = Announcement.h; sourceTree = "<group>"; };
		37A854571889002C00543874 /* Announcement.m */ = {isa = PBXFileReference; fileEncoding = 4; lastKnownFileType = sourcecode.c.objc; path = Announcement.m; sourceTree = "<group>"; };
		37A854591889012500543874 /* AnnouncementDetailViewController.h */ = {isa = PBXFileReference; fileEncoding = 4; lastKnownFileType = sourcecode.c.h; path = AnnouncementDetailViewController.h; sourceTree = "<group>"; };
		37A8545A1889012500543874 /* AnnouncementDetailViewController.m */ = {isa = PBXFileReference; fileEncoding = 4; lastKnownFileType = sourcecode.c.objc; path = AnnouncementDetailViewController.m; sourceTree = "<group>"; };
		37A8545B1889012500543874 /* AnnouncementDetailViewController.xib */ = {isa = PBXFileReference; fileEncoding = 4; lastKnownFileType = file.xib; path = AnnouncementDetailViewController.xib; sourceTree = "<group>"; };
		37A8D5F51876A23C0015432A /* QuartzCore.framework */ = {isa = PBXFileReference; lastKnownFileType = wrapper.framework; name = QuartzCore.framework; path = System/Library/Frameworks/QuartzCore.framework; sourceTree = SDKROOT; };
		37AACA67189749AC00438762 /* AlertCustomCell.h */ = {isa = PBXFileReference; fileEncoding = 4; lastKnownFileType = sourcecode.c.h; path = AlertCustomCell.h; sourceTree = "<group>"; };
		37AACA68189749AC00438762 /* AlertCustomCell.m */ = {isa = PBXFileReference; fileEncoding = 4; lastKnownFileType = sourcecode.c.objc; path = AlertCustomCell.m; sourceTree = "<group>"; };
		37AACA6A1897693200438762 /* Algorithm.h */ = {isa = PBXFileReference; fileEncoding = 4; lastKnownFileType = sourcecode.c.h; path = Algorithm.h; sourceTree = "<group>"; };
		37AACA6B1897693200438762 /* Algorithm.m */ = {isa = PBXFileReference; fileEncoding = 4; lastKnownFileType = sourcecode.c.objc; path = Algorithm.m; sourceTree = "<group>"; };
		37B51C421894983700954432 /* SessionMessageSqlite.h */ = {isa = PBXFileReference; fileEncoding = 4; lastKnownFileType = sourcecode.c.h; path = SessionMessageSqlite.h; sourceTree = "<group>"; };
		37B51C431894983700954432 /* SessionMessageSqlite.m */ = {isa = PBXFileReference; fileEncoding = 4; lastKnownFileType = sourcecode.c.objc; path = SessionMessageSqlite.m; sourceTree = "<group>"; };
		37B51C451894984A00954432 /* libsqlite3.dylib */ = {isa = PBXFileReference; lastKnownFileType = "compiled.mach-o.dylib"; name = libsqlite3.dylib; path = usr/lib/libsqlite3.dylib; sourceTree = SDKROOT; };
		37B51C4B1894EB4600954432 /* Renkoo */ = {isa = PBXFileReference; lastKnownFileType = folder; path = Renkoo; sourceTree = "<group>"; };
		37B6E06D188E35FF00A273AB /* ModifyPasswordViewController.h */ = {isa = PBXFileReference; fileEncoding = 4; lastKnownFileType = sourcecode.c.h; path = ModifyPasswordViewController.h; sourceTree = "<group>"; };
		37B6E06E188E35FF00A273AB /* ModifyPasswordViewController.m */ = {isa = PBXFileReference; fileEncoding = 4; lastKnownFileType = sourcecode.c.objc; path = ModifyPasswordViewController.m; sourceTree = "<group>"; };
		37B6E06F188E35FF00A273AB /* ModifyPasswordViewController.xib */ = {isa = PBXFileReference; fileEncoding = 4; lastKnownFileType = file.xib; path = ModifyPasswordViewController.xib; sourceTree = "<group>"; };
		37B6E073188E6B6500A273AB /* Message.h */ = {isa = PBXFileReference; fileEncoding = 4; lastKnownFileType = sourcecode.c.h; path = Message.h; sourceTree = "<group>"; };
		37B6E074188E6B6500A273AB /* Message.m */ = {isa = PBXFileReference; fileEncoding = 4; lastKnownFileType = sourcecode.c.objc; path = Message.m; sourceTree = "<group>"; };
		37B8A0581890AA9A00FE7D44 /* ViewBuilder.h */ = {isa = PBXFileReference; fileEncoding = 4; lastKnownFileType = sourcecode.c.h; path = ViewBuilder.h; sourceTree = "<group>"; };
		37B8A0591890AA9A00FE7D44 /* ViewBuilder.m */ = {isa = PBXFileReference; fileEncoding = 4; lastKnownFileType = sourcecode.c.objc; path = ViewBuilder.m; sourceTree = "<group>"; };
		37B8A05B1890B0FC00FE7D44 /* UILabel+FitHeight.h */ = {isa = PBXFileReference; fileEncoding = 4; lastKnownFileType = sourcecode.c.h; path = "UILabel+FitHeight.h"; sourceTree = "<group>"; };
		37B8A05C1890B0FC00FE7D44 /* UILabel+FitHeight.m */ = {isa = PBXFileReference; fileEncoding = 4; lastKnownFileType = sourcecode.c.objc; path = "UILabel+FitHeight.m"; sourceTree = "<group>"; };
		37B8A0631890FAC000FE7D44 /* SessionViewController.xib */ = {isa = PBXFileReference; fileEncoding = 4; lastKnownFileType = file.xib; path = SessionViewController.xib; sourceTree = "<group>"; };
		37BF92FA1891EAC900B50627 /* SessionMessage.h */ = {isa = PBXFileReference; fileEncoding = 4; lastKnownFileType = sourcecode.c.h; path = SessionMessage.h; sourceTree = "<group>"; };
		37BF92FB1891EAC900B50627 /* SessionMessage.m */ = {isa = PBXFileReference; fileEncoding = 4; lastKnownFileType = sourcecode.c.objc; path = SessionMessage.m; sourceTree = "<group>"; };
		37BF92FD1891ED3900B50627 /* SessionMessageStyleManager.h */ = {isa = PBXFileReference; fileEncoding = 4; lastKnownFileType = sourcecode.c.h; path = SessionMessageStyleManager.h; sourceTree = "<group>"; };
		37BF92FE1891ED3900B50627 /* SessionMessageStyleManager.m */ = {isa = PBXFileReference; fileEncoding = 4; lastKnownFileType = sourcecode.c.objc; path = SessionMessageStyleManager.m; sourceTree = "<group>"; };
		37BF939E1891EE8300B50627 /* Template.html */ = {isa = PBXFileReference; fileEncoding = 4; lastKnownFileType = text.html; path = Template.html; sourceTree = "<group>"; };
		37C64E9D188CEF970041BAA7 /* ForgetPasswordViewController.h */ = {isa = PBXFileReference; fileEncoding = 4; lastKnownFileType = sourcecode.c.h; path = ForgetPasswordViewController.h; sourceTree = "<group>"; };
		37C64E9E188CEF970041BAA7 /* ForgetPasswordViewController.m */ = {isa = PBXFileReference; fileEncoding = 4; lastKnownFileType = sourcecode.c.objc; path = ForgetPasswordViewController.m; sourceTree = "<group>"; };
		37C64E9F188CEF970041BAA7 /* ForgetPasswordViewController.xib */ = {isa = PBXFileReference; fileEncoding = 4; lastKnownFileType = file.xib; path = ForgetPasswordViewController.xib; sourceTree = "<group>"; };
		37C64EA2188CFF010041BAA7 /* ForgetPasswordSetPWDViewController.h */ = {isa = PBXFileReference; fileEncoding = 4; lastKnownFileType = sourcecode.c.h; path = ForgetPasswordSetPWDViewController.h; sourceTree = "<group>"; };
		37C64EA3188CFF010041BAA7 /* ForgetPasswordSetPWDViewController.m */ = {isa = PBXFileReference; fileEncoding = 4; lastKnownFileType = sourcecode.c.objc; path = ForgetPasswordSetPWDViewController.m; sourceTree = "<group>"; };
		37C64EA4188CFF010041BAA7 /* ForgetPasswordSetPWDViewController.xib */ = {isa = PBXFileReference; fileEncoding = 4; lastKnownFileType = file.xib; path = ForgetPasswordSetPWDViewController.xib; sourceTree = "<group>"; };
		8B94AAFF1848663200CA5869 /* HealthManager.app */ = {isa = PBXFileReference; explicitFileType = wrapper.application; includeInIndex = 0; path = HealthManager.app; sourceTree = BUILT_PRODUCTS_DIR; };
		8B94AB021848663200CA5869 /* Foundation.framework */ = {isa = PBXFileReference; lastKnownFileType = wrapper.framework; name = Foundation.framework; path = System/Library/Frameworks/Foundation.framework; sourceTree = SDKROOT; };
		8B94AB041848663200CA5869 /* CoreGraphics.framework */ = {isa = PBXFileReference; lastKnownFileType = wrapper.framework; name = CoreGraphics.framework; path = System/Library/Frameworks/CoreGraphics.framework; sourceTree = SDKROOT; };
		8B94AB061848663200CA5869 /* UIKit.framework */ = {isa = PBXFileReference; lastKnownFileType = wrapper.framework; name = UIKit.framework; path = System/Library/Frameworks/UIKit.framework; sourceTree = SDKROOT; };
		8B94AB081848663200CA5869 /* CoreData.framework */ = {isa = PBXFileReference; lastKnownFileType = wrapper.framework; name = CoreData.framework; path = System/Library/Frameworks/CoreData.framework; sourceTree = SDKROOT; };
		8B94AB0C1848663300CA5869 /* HealthManager-Info.plist */ = {isa = PBXFileReference; lastKnownFileType = text.plist.xml; path = "HealthManager-Info.plist"; sourceTree = "<group>"; };
		8B94AB0E1848663300CA5869 /* en */ = {isa = PBXFileReference; lastKnownFileType = text.plist.strings; name = en; path = en.lproj/InfoPlist.strings; sourceTree = "<group>"; };
		8B94AB101848663300CA5869 /* main.m */ = {isa = PBXFileReference; lastKnownFileType = sourcecode.c.objc; path = main.m; sourceTree = "<group>"; };
		8B94AB121848663300CA5869 /* HealthManager-Prefix.pch */ = {isa = PBXFileReference; lastKnownFileType = sourcecode.c.h; path = "HealthManager-Prefix.pch"; sourceTree = "<group>"; };
		8B94AB131848663300CA5869 /* AppDelegate.h */ = {isa = PBXFileReference; lastKnownFileType = sourcecode.c.h; path = AppDelegate.h; sourceTree = "<group>"; };
		8B94AB141848663300CA5869 /* AppDelegate.m */ = {isa = PBXFileReference; lastKnownFileType = sourcecode.c.objc; path = AppDelegate.m; sourceTree = "<group>"; };
		8B94AB171848663300CA5869 /* HealthManager.xcdatamodel */ = {isa = PBXFileReference; lastKnownFileType = wrapper.xcdatamodel; path = HealthManager.xcdatamodel; sourceTree = "<group>"; };
		8B94AB191848663300CA5869 /* Images.xcassets */ = {isa = PBXFileReference; lastKnownFileType = folder.assetcatalog; path = Images.xcassets; sourceTree = "<group>"; };
		8B94AB1F1848663300CA5869 /* HealthManagerTests.xctest */ = {isa = PBXFileReference; explicitFileType = wrapper.cfbundle; includeInIndex = 0; path = HealthManagerTests.xctest; sourceTree = BUILT_PRODUCTS_DIR; };
		8B94AB201848663300CA5869 /* XCTest.framework */ = {isa = PBXFileReference; lastKnownFileType = wrapper.framework; name = XCTest.framework; path = Library/Frameworks/XCTest.framework; sourceTree = DEVELOPER_DIR; };
		8B94AB291848663300CA5869 /* HealthManagerTests-Info.plist */ = {isa = PBXFileReference; lastKnownFileType = text.plist.xml; path = "HealthManagerTests-Info.plist"; sourceTree = "<group>"; };
		8B94AB2B1848663300CA5869 /* en */ = {isa = PBXFileReference; lastKnownFileType = text.plist.strings; name = en; path = en.lproj/InfoPlist.strings; sourceTree = "<group>"; };
		8B94AB2D1848663300CA5869 /* HealthManagerTests.m */ = {isa = PBXFileReference; lastKnownFileType = sourcecode.c.objc; path = HealthManagerTests.m; sourceTree = "<group>"; };
		8B94AB5B184866AE00CA5869 /* ConstantAndDefine.h */ = {isa = PBXFileReference; lastKnownFileType = sourcecode.c.h; path = ConstantAndDefine.h; sourceTree = "<group>"; };
		8B9BEEB51887736200A669C1 /* defaultProfile.png */ = {isa = PBXFileReference; lastKnownFileType = image.png; path = defaultProfile.png; sourceTree = "<group>"; };
		8B9BEEBC18877F6E00A669C1 /* NSDictionary+NullOBJForKey.h */ = {isa = PBXFileReference; fileEncoding = 4; lastKnownFileType = sourcecode.c.h; path = "NSDictionary+NullOBJForKey.h"; sourceTree = "<group>"; };
		8B9BEEBD18877F6E00A669C1 /* NSDictionary+NullOBJForKey.m */ = {isa = PBXFileReference; fileEncoding = 4; lastKnownFileType = sourcecode.c.objc; path = "NSDictionary+NullOBJForKey.m"; sourceTree = "<group>"; };
		8B9C96051888D6E000F87E00 /* SettingAndMoreSuperViewController.h */ = {isa = PBXFileReference; fileEncoding = 4; lastKnownFileType = sourcecode.c.h; path = SettingAndMoreSuperViewController.h; sourceTree = "<group>"; };
		8B9C96061888D6E000F87E00 /* SettingAndMoreSuperViewController.m */ = {isa = PBXFileReference; fileEncoding = 4; lastKnownFileType = sourcecode.c.objc; path = SettingAndMoreSuperViewController.m; sourceTree = "<group>"; };
		8BFE173E187FEC5600D1F48A /* AFHTTPClient.h */ = {isa = PBXFileReference; fileEncoding = 4; lastKnownFileType = sourcecode.c.h; path = AFHTTPClient.h; sourceTree = "<group>"; };
		8BFE173F187FEC5600D1F48A /* AFHTTPClient.m */ = {isa = PBXFileReference; fileEncoding = 4; lastKnownFileType = sourcecode.c.objc; path = AFHTTPClient.m; sourceTree = "<group>"; };
		8BFE1740187FEC5600D1F48A /* AFHTTPRequestOperation.h */ = {isa = PBXFileReference; fileEncoding = 4; lastKnownFileType = sourcecode.c.h; path = AFHTTPRequestOperation.h; sourceTree = "<group>"; };
		8BFE1741187FEC5600D1F48A /* AFHTTPRequestOperation.m */ = {isa = PBXFileReference; fileEncoding = 4; lastKnownFileType = sourcecode.c.objc; path = AFHTTPRequestOperation.m; sourceTree = "<group>"; };
		8BFE1742187FEC5600D1F48A /* AFImageRequestOperation.h */ = {isa = PBXFileReference; fileEncoding = 4; lastKnownFileType = sourcecode.c.h; path = AFImageRequestOperation.h; sourceTree = "<group>"; };
		8BFE1743187FEC5600D1F48A /* AFImageRequestOperation.m */ = {isa = PBXFileReference; fileEncoding = 4; lastKnownFileType = sourcecode.c.objc; path = AFImageRequestOperation.m; sourceTree = "<group>"; };
		8BFE1744187FEC5600D1F48A /* AFJSONRequestOperation.h */ = {isa = PBXFileReference; fileEncoding = 4; lastKnownFileType = sourcecode.c.h; path = AFJSONRequestOperation.h; sourceTree = "<group>"; };
		8BFE1745187FEC5600D1F48A /* AFJSONRequestOperation.m */ = {isa = PBXFileReference; fileEncoding = 4; lastKnownFileType = sourcecode.c.objc; path = AFJSONRequestOperation.m; sourceTree = "<group>"; };
		8BFE1746187FEC5600D1F48A /* AFNetworkActivityIndicatorManager.h */ = {isa = PBXFileReference; fileEncoding = 4; lastKnownFileType = sourcecode.c.h; path = AFNetworkActivityIndicatorManager.h; sourceTree = "<group>"; };
		8BFE1747187FEC5600D1F48A /* AFNetworkActivityIndicatorManager.m */ = {isa = PBXFileReference; fileEncoding = 4; lastKnownFileType = sourcecode.c.objc; path = AFNetworkActivityIndicatorManager.m; sourceTree = "<group>"; };
		8BFE1748187FEC5600D1F48A /* AFNetworking.h */ = {isa = PBXFileReference; fileEncoding = 4; lastKnownFileType = sourcecode.c.h; path = AFNetworking.h; sourceTree = "<group>"; };
		8BFE1749187FEC5600D1F48A /* AFPropertyListRequestOperation.h */ = {isa = PBXFileReference; fileEncoding = 4; lastKnownFileType = sourcecode.c.h; path = AFPropertyListRequestOperation.h; sourceTree = "<group>"; };
		8BFE174A187FEC5600D1F48A /* AFPropertyListRequestOperation.m */ = {isa = PBXFileReference; fileEncoding = 4; lastKnownFileType = sourcecode.c.objc; path = AFPropertyListRequestOperation.m; sourceTree = "<group>"; };
		8BFE174B187FEC5600D1F48A /* AFURLConnectionOperation.h */ = {isa = PBXFileReference; fileEncoding = 4; lastKnownFileType = sourcecode.c.h; path = AFURLConnectionOperation.h; sourceTree = "<group>"; };
		8BFE174C187FEC5600D1F48A /* AFURLConnectionOperation.m */ = {isa = PBXFileReference; fileEncoding = 4; lastKnownFileType = sourcecode.c.objc; path = AFURLConnectionOperation.m; sourceTree = "<group>"; };
		8BFE174D187FEC5600D1F48A /* AFXMLRequestOperation.h */ = {isa = PBXFileReference; fileEncoding = 4; lastKnownFileType = sourcecode.c.h; path = AFXMLRequestOperation.h; sourceTree = "<group>"; };
		8BFE174E187FEC5600D1F48A /* AFXMLRequestOperation.m */ = {isa = PBXFileReference; fileEncoding = 4; lastKnownFileType = sourcecode.c.objc; path = AFXMLRequestOperation.m; sourceTree = "<group>"; };
		8BFE174F187FEC5600D1F48A /* UIImageView+AFNetworking.h */ = {isa = PBXFileReference; fileEncoding = 4; lastKnownFileType = sourcecode.c.h; path = "UIImageView+AFNetworking.h"; sourceTree = "<group>"; };
		8BFE1750187FEC5600D1F48A /* UIImageView+AFNetworking.m */ = {isa = PBXFileReference; fileEncoding = 4; lastKnownFileType = sourcecode.c.objc; path = "UIImageView+AFNetworking.m"; sourceTree = "<group>"; };
		8BFE1754187FEC5600D1F48A /* LSBackGrayView.h */ = {isa = PBXFileReference; fileEncoding = 4; lastKnownFileType = sourcecode.c.h; path = LSBackGrayView.h; sourceTree = "<group>"; };
		8BFE1755187FEC5600D1F48A /* LSBackGrayView.m */ = {isa = PBXFileReference; fileEncoding = 4; lastKnownFileType = sourcecode.c.objc; path = LSBackGrayView.m; sourceTree = "<group>"; };
		8BFE1756187FEC5600D1F48A /* LSSegment.h */ = {isa = PBXFileReference; fileEncoding = 4; lastKnownFileType = sourcecode.c.h; path = LSSegment.h; sourceTree = "<group>"; };
		8BFE1757187FEC5600D1F48A /* LSSegment.m */ = {isa = PBXFileReference; fileEncoding = 4; lastKnownFileType = sourcecode.c.objc; path = LSSegment.m; sourceTree = "<group>"; };
		8BFE1758187FEC5600D1F48A /* LSTextField.h */ = {isa = PBXFileReference; fileEncoding = 4; lastKnownFileType = sourcecode.c.h; path = LSTextField.h; sourceTree = "<group>"; };
		8BFE1759187FEC5600D1F48A /* LSTextField.m */ = {isa = PBXFileReference; fileEncoding = 4; lastKnownFileType = sourcecode.c.objc; path = LSTextField.m; sourceTree = "<group>"; };
		8BFE175B187FEC5600D1F48A /* HttpRequestManager.h */ = {isa = PBXFileReference; fileEncoding = 4; lastKnownFileType = sourcecode.c.h; path = HttpRequestManager.h; sourceTree = "<group>"; };
		8BFE175C187FEC5600D1F48A /* HttpRequestManager.m */ = {isa = PBXFileReference; fileEncoding = 4; lastKnownFileType = sourcecode.c.objc; path = HttpRequestManager.m; sourceTree = "<group>"; };
		8BFE178E187FECDC00D1F48A /* SystemConfiguration.framework */ = {isa = PBXFileReference; lastKnownFileType = wrapper.framework; name = SystemConfiguration.framework; path = System/Library/Frameworks/SystemConfiguration.framework; sourceTree = SDKROOT; };
		8BFE1790187FECE300D1F48A /* MobileCoreServices.framework */ = {isa = PBXFileReference; lastKnownFileType = wrapper.framework; name = MobileCoreServices.framework; path = System/Library/Frameworks/MobileCoreServices.framework; sourceTree = SDKROOT; };
		9C0BFF631886D944002845D9 /* BloodRecordDateData.h */ = {isa = PBXFileReference; fileEncoding = 4; lastKnownFileType = sourcecode.c.h; path = BloodRecordDateData.h; sourceTree = "<group>"; };
		9C0BFF641886D944002845D9 /* BloodRecordDateData.m */ = {isa = PBXFileReference; fileEncoding = 4; lastKnownFileType = sourcecode.c.objc; path = BloodRecordDateData.m; sourceTree = "<group>"; };
		9C0BFF651886D944002845D9 /* BloodRecordModel.h */ = {isa = PBXFileReference; fileEncoding = 4; lastKnownFileType = sourcecode.c.h; path = BloodRecordModel.h; sourceTree = "<group>"; };
		9C0BFF661886D944002845D9 /* BloodRecordModel.m */ = {isa = PBXFileReference; fileEncoding = 4; lastKnownFileType = sourcecode.c.objc; path = BloodRecordModel.m; sourceTree = "<group>"; };
		9C0BFF681886D944002845D9 /* BloodRecordManager.h */ = {isa = PBXFileReference; fileEncoding = 4; lastKnownFileType = sourcecode.c.h; path = BloodRecordManager.h; sourceTree = "<group>"; };
		9C0BFF691886D944002845D9 /* BloodRecordManager.m */ = {isa = PBXFileReference; fileEncoding = 4; lastKnownFileType = sourcecode.c.objc; path = BloodRecordManager.m; sourceTree = "<group>"; };
		9C0BFF6A1886D944002845D9 /* Knowledge.h */ = {isa = PBXFileReference; fileEncoding = 4; lastKnownFileType = sourcecode.c.h; path = Knowledge.h; sourceTree = "<group>"; };
		9C0BFF6B1886D944002845D9 /* Knowledge.m */ = {isa = PBXFileReference; fileEncoding = 4; lastKnownFileType = sourcecode.c.objc; path = Knowledge.m; sourceTree = "<group>"; };
		9C0BFF701886D944002845D9 /* BackButtonViewController.h */ = {isa = PBXFileReference; fileEncoding = 4; lastKnownFileType = sourcecode.c.h; path = BackButtonViewController.h; sourceTree = "<group>"; };
		9C0BFF711886D944002845D9 /* BackButtonViewController.m */ = {isa = PBXFileReference; fileEncoding = 4; lastKnownFileType = sourcecode.c.objc; path = BackButtonViewController.m; sourceTree = "<group>"; };
		9C0BFF731886D944002845D9 /* RootSuperCell.h */ = {isa = PBXFileReference; fileEncoding = 4; lastKnownFileType = sourcecode.c.h; path = RootSuperCell.h; sourceTree = "<group>"; };
		9C0BFF741886D944002845D9 /* RootSuperCell.m */ = {isa = PBXFileReference; fileEncoding = 4; lastKnownFileType = sourcecode.c.objc; path = RootSuperCell.m; sourceTree = "<group>"; };
		9C0BFF751886D944002845D9 /* NavigationBarViewController.h */ = {isa = PBXFileReference; fileEncoding = 4; lastKnownFileType = sourcecode.c.h; path = NavigationBarViewController.h; sourceTree = "<group>"; };
		9C0BFF761886D944002845D9 /* NavigationBarViewController.m */ = {isa = PBXFileReference; fileEncoding = 4; lastKnownFileType = sourcecode.c.objc; path = NavigationBarViewController.m; sourceTree = "<group>"; };
		9C0BFF771886D944002845D9 /* RootSuperViewController.h */ = {isa = PBXFileReference; fileEncoding = 4; lastKnownFileType = sourcecode.c.h; path = RootSuperViewController.h; sourceTree = "<group>"; };
		9C0BFF781886D944002845D9 /* RootSuperViewController.m */ = {isa = PBXFileReference; fileEncoding = 4; lastKnownFileType = sourcecode.c.objc; path = RootSuperViewController.m; sourceTree = "<group>"; };
		9C0BFF791886D944002845D9 /* SuperListViewController.h */ = {isa = PBXFileReference; fileEncoding = 4; lastKnownFileType = sourcecode.c.h; path = SuperListViewController.h; sourceTree = "<group>"; };
		9C0BFF7A1886D944002845D9 /* SuperListViewController.m */ = {isa = PBXFileReference; fileEncoding = 4; lastKnownFileType = sourcecode.c.objc; path = SuperListViewController.m; sourceTree = "<group>"; };
		9C0BFF7D1886D944002845D9 /* AlertViewController.h */ = {isa = PBXFileReference; fileEncoding = 4; lastKnownFileType = sourcecode.c.h; path = AlertViewController.h; sourceTree = "<group>"; };
		9C0BFF7E1886D944002845D9 /* AlertViewController.m */ = {isa = PBXFileReference; fileEncoding = 4; lastKnownFileType = sourcecode.c.objc; path = AlertViewController.m; sourceTree = "<group>"; };
		9C0BFF7F1886D944002845D9 /* AlertViewController.xib */ = {isa = PBXFileReference; fileEncoding = 4; lastKnownFileType = file.xib; path = AlertViewController.xib; sourceTree = "<group>"; };
		9C0BFF811886D944002845D9 /* BloodRecord.h */ = {isa = PBXFileReference; fileEncoding = 4; lastKnownFileType = sourcecode.c.h; path = BloodRecord.h; sourceTree = "<group>"; };
		9C0BFF821886D944002845D9 /* BloodRecord.m */ = {isa = PBXFileReference; fileEncoding = 4; lastKnownFileType = sourcecode.c.objc; path = BloodRecord.m; sourceTree = "<group>"; };
		9C0BFF831886D944002845D9 /* BloodRecord.xib */ = {isa = PBXFileReference; fileEncoding = 4; lastKnownFileType = file.xib; path = BloodRecord.xib; sourceTree = "<group>"; };
		9C0BFF841886D944002845D9 /* BloodViewController.h */ = {isa = PBXFileReference; fileEncoding = 4; lastKnownFileType = sourcecode.c.h; path = BloodViewController.h; sourceTree = "<group>"; };
		9C0BFF851886D944002845D9 /* BloodViewController.m */ = {isa = PBXFileReference; fileEncoding = 4; lastKnownFileType = sourcecode.c.objc; path = BloodViewController.m; sourceTree = "<group>"; };
		9C0BFF861886D944002845D9 /* BloodViewController.xib */ = {isa = PBXFileReference; fileEncoding = 4; lastKnownFileType = file.xib; path = BloodViewController.xib; sourceTree = "<group>"; };
		9C0BFF871886D944002845D9 /* LineChartView.h */ = {isa = PBXFileReference; fileEncoding = 4; lastKnownFileType = sourcecode.c.h; path = LineChartView.h; sourceTree = "<group>"; };
		9C0BFF881886D944002845D9 /* LineChartView.m */ = {isa = PBXFileReference; fileEncoding = 4; lastKnownFileType = sourcecode.c.objc; path = LineChartView.m; sourceTree = "<group>"; };
		9C0BFF8A1886D944002845D9 /* DoctorCell.h */ = {isa = PBXFileReference; fileEncoding = 4; lastKnownFileType = sourcecode.c.h; path = DoctorCell.h; sourceTree = "<group>"; };
		9C0BFF8B1886D944002845D9 /* DoctorCell.m */ = {isa = PBXFileReference; fileEncoding = 4; lastKnownFileType = sourcecode.c.objc; path = DoctorCell.m; sourceTree = "<group>"; };
		9C0BFF8C1886D944002845D9 /* DoctorCell.xib */ = {isa = PBXFileReference; fileEncoding = 4; lastKnownFileType = file.xib; path = DoctorCell.xib; sourceTree = "<group>"; };
		9C0BFF8D1886D944002845D9 /* DoctorViewController.h */ = {isa = PBXFileReference; fileEncoding = 4; lastKnownFileType = sourcecode.c.h; path = DoctorViewController.h; sourceTree = "<group>"; };
		9C0BFF8E1886D944002845D9 /* DoctorViewController.m */ = {isa = PBXFileReference; fileEncoding = 4; lastKnownFileType = sourcecode.c.objc; path = DoctorViewController.m; sourceTree = "<group>"; };
		9C0BFF8F1886D944002845D9 /* DoctorViewController.xib */ = {isa = PBXFileReference; fileEncoding = 4; lastKnownFileType = file.xib; path = DoctorViewController.xib; sourceTree = "<group>"; };
		9C0BFF911886D944002845D9 /* KnowledgeDetailViewController.h */ = {isa = PBXFileReference; fileEncoding = 4; lastKnownFileType = sourcecode.c.h; path = KnowledgeDetailViewController.h; sourceTree = "<group>"; };
		9C0BFF921886D944002845D9 /* KnowledgeDetailViewController.m */ = {isa = PBXFileReference; fileEncoding = 4; lastKnownFileType = sourcecode.c.objc; path = KnowledgeDetailViewController.m; sourceTree = "<group>"; };
		9C0BFF931886D944002845D9 /* KnowledgeDetailViewController.xib */ = {isa = PBXFileReference; fileEncoding = 4; lastKnownFileType = file.xib; path = KnowledgeDetailViewController.xib; sourceTree = "<group>"; };
		9C0BFF941886D944002845D9 /* KnowledgeViewController.h */ = {isa = PBXFileReference; fileEncoding = 4; lastKnownFileType = sourcecode.c.h; path = KnowledgeViewController.h; sourceTree = "<group>"; };
		9C0BFF951886D944002845D9 /* KnowledgeViewController.m */ = {isa = PBXFileReference; fileEncoding = 4; lastKnownFileType = sourcecode.c.objc; path = KnowledgeViewController.m; sourceTree = "<group>"; };
		9C0BFF961886D944002845D9 /* KnowledgeViewController.xib */ = {isa = PBXFileReference; fileEncoding = 4; lastKnownFileType = file.xib; path = KnowledgeViewController.xib; sourceTree = "<group>"; };
		9C0BFF981886D944002845D9 /* LoginViewController.h */ = {isa = PBXFileReference; fileEncoding = 4; lastKnownFileType = sourcecode.c.h; path = LoginViewController.h; sourceTree = "<group>"; };
		9C0BFF991886D944002845D9 /* LoginViewController.m */ = {isa = PBXFileReference; fileEncoding = 4; lastKnownFileType = sourcecode.c.objc; path = LoginViewController.m; sourceTree = "<group>"; };
		9C0BFF9A1886D944002845D9 /* LoginViewController.xib */ = {isa = PBXFileReference; fileEncoding = 4; lastKnownFileType = file.xib; path = LoginViewController.xib; sourceTree = "<group>"; };
		9C0BFF9C1886D944002845D9 /* MainViewController.h */ = {isa = PBXFileReference; fileEncoding = 4; lastKnownFileType = sourcecode.c.h; path = MainViewController.h; sourceTree = "<group>"; };
		9C0BFF9D1886D944002845D9 /* MainViewController.m */ = {isa = PBXFileReference; fileEncoding = 4; lastKnownFileType = sourcecode.c.objc; path = MainViewController.m; sourceTree = "<group>"; };
		9C0BFF9E1886D944002845D9 /* MainViewController.xib */ = {isa = PBXFileReference; fileEncoding = 4; lastKnownFileType = file.xib; path = MainViewController.xib; sourceTree = "<group>"; };
		9C0BFFA01886D944002845D9 /* ManagerViewController.h */ = {isa = PBXFileReference; fileEncoding = 4; lastKnownFileType = sourcecode.c.h; path = ManagerViewController.h; sourceTree = "<group>"; };
		9C0BFFA11886D944002845D9 /* ManagerViewController.m */ = {isa = PBXFileReference; fileEncoding = 4; lastKnownFileType = sourcecode.c.objc; path = ManagerViewController.m; sourceTree = "<group>"; };
		9C0BFFA21886D944002845D9 /* ManagerViewController.xib */ = {isa = PBXFileReference; fileEncoding = 4; lastKnownFileType = file.xib; path = ManagerViewController.xib; sourceTree = "<group>"; };
		9C0BFFA41886D944002845D9 /* MoreViewController.h */ = {isa = PBXFileReference; fileEncoding = 4; lastKnownFileType = sourcecode.c.h; path = MoreViewController.h; sourceTree = "<group>"; };
		9C0BFFA51886D944002845D9 /* MoreViewController.m */ = {isa = PBXFileReference; fileEncoding = 4; lastKnownFileType = sourcecode.c.objc; path = MoreViewController.m; sourceTree = "<group>"; };
		9C0BFFA61886D944002845D9 /* MoreViewController.xib */ = {isa = PBXFileReference; fileEncoding = 4; lastKnownFileType = file.xib; path = MoreViewController.xib; sourceTree = "<group>"; };
		9C0BFFA81886D944002845D9 /* SettingRemindTimeViewController.h */ = {isa = PBXFileReference; fileEncoding = 4; lastKnownFileType = sourcecode.c.h; path = SettingRemindTimeViewController.h; sourceTree = "<group>"; };
		9C0BFFA91886D944002845D9 /* SettingRemindTimeViewController.m */ = {isa = PBXFileReference; fileEncoding = 4; lastKnownFileType = sourcecode.c.objc; path = SettingRemindTimeViewController.m; sourceTree = "<group>"; };
		9C0BFFAA1886D944002845D9 /* SettingRemindTimeViewController.xib */ = {isa = PBXFileReference; fileEncoding = 4; lastKnownFileType = file.xib; path = SettingRemindTimeViewController.xib; sourceTree = "<group>"; };
		9C0BFFAB1886D944002845D9 /* SettingViewController.h */ = {isa = PBXFileReference; fileEncoding = 4; lastKnownFileType = sourcecode.c.h; path = SettingViewController.h; sourceTree = "<group>"; };
		9C0BFFAC1886D944002845D9 /* SettingViewController.m */ = {isa = PBXFileReference; fileEncoding = 4; lastKnownFileType = sourcecode.c.objc; path = SettingViewController.m; sourceTree = "<group>"; };
		9C0BFFAD1886D944002845D9 /* SettingViewController.xib */ = {isa = PBXFileReference; fileEncoding = 4; lastKnownFileType = file.xib; path = SettingViewController.xib; sourceTree = "<group>"; };
		9C0BFFD41886DA30002845D9 /* SessionViewController.h */ = {isa = PBXFileReference; fileEncoding = 4; lastKnownFileType = sourcecode.c.h; path = SessionViewController.h; sourceTree = "<group>"; };
		9C0BFFD51886DA30002845D9 /* SessionViewController.m */ = {isa = PBXFileReference; fileEncoding = 4; lastKnownFileType = sourcecode.c.objc; path = SessionViewController.m; sourceTree = "<group>"; };
		9C911B0518810299004CD648 /* MBProgressHUD.h */ = {isa = PBXFileReference; fileEncoding = 4; lastKnownFileType = sourcecode.c.h; path = MBProgressHUD.h; sourceTree = "<group>"; };
		9C911B0618810299004CD648 /* MBProgressHUD.m */ = {isa = PBXFileReference; fileEncoding = 4; lastKnownFileType = sourcecode.c.objc; path = MBProgressHUD.m; sourceTree = "<group>"; };
		9CFE4E07188826750048C4ED /* Base64.h */ = {isa = PBXFileReference; fileEncoding = 4; lastKnownFileType = sourcecode.c.h; path = Base64.h; sourceTree = "<group>"; };
		9CFE4E08188826750048C4ED /* Base64.m */ = {isa = PBXFileReference; fileEncoding = 4; lastKnownFileType = sourcecode.c.objc; path = Base64.m; sourceTree = "<group>"; };
		B823225C185F48EA005F2409 /* arrow@2x.png */ = {isa = PBXFileReference; lastKnownFileType = image.png; path = "arrow@2x.png"; sourceTree = "<group>"; };
		B823225D185F48EA005F2409 /* bbi_left@2x.png */ = {isa = PBXFileReference; lastKnownFileType = image.png; path = "bbi_left@2x.png"; sourceTree = "<group>"; };
		B823225E185F48EA005F2409 /* blood_segment_1@2x.png */ = {isa = PBXFileReference; lastKnownFileType = image.png; path = "blood_segment_1@2x.png"; sourceTree = "<group>"; };
		B823225F185F48EA005F2409 /* blood_segment_2@2x.png */ = {isa = PBXFileReference; lastKnownFileType = image.png; path = "blood_segment_2@2x.png"; sourceTree = "<group>"; };
		B8232260185F48EA005F2409 /* blood_segment_3@2x.png */ = {isa = PBXFileReference; lastKnownFileType = image.png; path = "blood_segment_3@2x.png"; sourceTree = "<group>"; };
		B8232261185F48EA005F2409 /* blood_segment_selected_1@2x.png */ = {isa = PBXFileReference; lastKnownFileType = image.png; path = "blood_segment_selected_1@2x.png"; sourceTree = "<group>"; };
		B8232262185F48EA005F2409 /* blood_segment_selected_2@2x.png */ = {isa = PBXFileReference; lastKnownFileType = image.png; path = "blood_segment_selected_2@2x.png"; sourceTree = "<group>"; };
		B8232263185F48EA005F2409 /* blood_segment_selected_3@2x.png */ = {isa = PBXFileReference; lastKnownFileType = image.png; path = "blood_segment_selected_3@2x.png"; sourceTree = "<group>"; };
		B8232264185F48EA005F2409 /* blood_table_hit@2x.png */ = {isa = PBXFileReference; lastKnownFileType = image.png; path = "blood_table_hit@2x.png"; sourceTree = "<group>"; };
		B8232265185F48EA005F2409 /* blood_texfield@2x.png */ = {isa = PBXFileReference; lastKnownFileType = image.png; path = "blood_texfield@2x.png"; sourceTree = "<group>"; };
		B8232266185F48EA005F2409 /* blood_texfield_selected@2x.png */ = {isa = PBXFileReference; lastKnownFileType = image.png; path = "blood_texfield_selected@2x.png"; sourceTree = "<group>"; };
		B8232267185F48EA005F2409 /* bt_cancel@2x.png */ = {isa = PBXFileReference; lastKnownFileType = image.png; path = "bt_cancel@2x.png"; sourceTree = "<group>"; };
		B8232268185F48EA005F2409 /* bt_forget@2x.png */ = {isa = PBXFileReference; lastKnownFileType = image.png; path = "bt_forget@2x.png"; sourceTree = "<group>"; };
		B8232269185F48EA005F2409 /* bt_login@2x.png */ = {isa = PBXFileReference; lastKnownFileType = image.png; path = "bt_login@2x.png"; sourceTree = "<group>"; };
		B823226A185F48EA005F2409 /* bt_logoff@2x.png */ = {isa = PBXFileReference; lastKnownFileType = image.png; path = "bt_logoff@2x.png"; sourceTree = "<group>"; };
		B823226B185F48EA005F2409 /* bt_ok@2x.png */ = {isa = PBXFileReference; lastKnownFileType = image.png; path = "bt_ok@2x.png"; sourceTree = "<group>"; };
		B823226C185F48EA005F2409 /* bt_pop_cancel@2x.png */ = {isa = PBXFileReference; lastKnownFileType = image.png; path = "bt_pop_cancel@2x.png"; sourceTree = "<group>"; };
		B823226D185F48EA005F2409 /* bt_pop_ok@2x.png */ = {isa = PBXFileReference; lastKnownFileType = image.png; path = "bt_pop_ok@2x.png"; sourceTree = "<group>"; };
		B823226E185F48EA005F2409 /* bt_save@2x.png */ = {isa = PBXFileReference; lastKnownFileType = image.png; path = "bt_save@2x.png"; sourceTree = "<group>"; };
		B823226F185F48EA005F2409 /* Default-568h@2x.png */ = {isa = PBXFileReference; lastKnownFileType = image.png; path = "Default-568h@2x.png"; sourceTree = "<group>"; };
		B8232270185F48EA005F2409 /* Default@2x.png */ = {isa = PBXFileReference; lastKnownFileType = image.png; path = "Default@2x.png"; sourceTree = "<group>"; };
		B8232271185F48EA005F2409 /* doctorButton@2x.png */ = {isa = PBXFileReference; lastKnownFileType = image.png; path = "doctorButton@2x.png"; sourceTree = "<group>"; };
		B8232272185F48EA005F2409 /* Icon-114.png */ = {isa = PBXFileReference; lastKnownFileType = image.png; path = "Icon-114.png"; sourceTree = "<group>"; };
		B8232273185F48EA005F2409 /* Icon-72.png */ = {isa = PBXFileReference; lastKnownFileType = image.png; path = "Icon-72.png"; sourceTree = "<group>"; };
		B8232274185F48EA005F2409 /* Icon-Small@2x.png */ = {isa = PBXFileReference; lastKnownFileType = image.png; path = "Icon-Small@2x.png"; sourceTree = "<group>"; };
		B8232275185F48EA005F2409 /* Icon.png */ = {isa = PBXFileReference; lastKnownFileType = image.png; path = Icon.png; sourceTree = "<group>"; };
		B8232276185F48EA005F2409 /* login_background@2x.png */ = {isa = PBXFileReference; lastKnownFileType = image.png; path = "login_background@2x.png"; sourceTree = "<group>"; };
		B8232277185F48EA005F2409 /* main_btn_1@2x.png */ = {isa = PBXFileReference; lastKnownFileType = image.png; path = "main_btn_1@2x.png"; sourceTree = "<group>"; };
		B8232278185F48EA005F2409 /* main_btn_2@2x.png */ = {isa = PBXFileReference; lastKnownFileType = image.png; path = "main_btn_2@2x.png"; sourceTree = "<group>"; };
		B8232279185F48EA005F2409 /* main_btn_3@2x.png */ = {isa = PBXFileReference; lastKnownFileType = image.png; path = "main_btn_3@2x.png"; sourceTree = "<group>"; };
		B823227A185F48EA005F2409 /* main_btn_4@2x.png */ = {isa = PBXFileReference; lastKnownFileType = image.png; path = "main_btn_4@2x.png"; sourceTree = "<group>"; };
		B823227B185F48EA005F2409 /* main_btn_5@2x.png */ = {isa = PBXFileReference; lastKnownFileType = image.png; path = "main_btn_5@2x.png"; sourceTree = "<group>"; };
		B823227C185F48EA005F2409 /* main_btn_6@2x.png */ = {isa = PBXFileReference; lastKnownFileType = image.png; path = "main_btn_6@2x.png"; sourceTree = "<group>"; };
		B823227D185F48EA005F2409 /* main_btn_7@2x.png */ = {isa = PBXFileReference; lastKnownFileType = image.png; path = "main_btn_7@2x.png"; sourceTree = "<group>"; };
		B823227E185F48EA005F2409 /* navigation@2x.png */ = {isa = PBXFileReference; lastKnownFileType = image.png; path = "navigation@2x.png"; sourceTree = "<group>"; };
		B823227F185F48EA005F2409 /* portrait@2x.png */ = {isa = PBXFileReference; lastKnownFileType = image.png; path = "portrait@2x.png"; sourceTree = "<group>"; };
		B8232280185F48EA005F2409 /* textfield@2x.png */ = {isa = PBXFileReference; lastKnownFileType = image.png; path = "textfield@2x.png"; sourceTree = "<group>"; };
/* End PBXFileReference section */

/* Begin PBXFrameworksBuildPhase section */
		8B94AAFC1848663200CA5869 /* Frameworks */ = {
			isa = PBXFrameworksBuildPhase;
			buildActionMask = 2147483647;
			files = (
				37B51C461894984A00954432 /* libsqlite3.dylib in Frameworks */,
				8BFE1791187FECE300D1F48A /* MobileCoreServices.framework in Frameworks */,
				8BFE178F187FECDC00D1F48A /* SystemConfiguration.framework in Frameworks */,
				37A8D5F61876A23C0015432A /* QuartzCore.framework in Frameworks */,
				8B94AB051848663200CA5869 /* CoreGraphics.framework in Frameworks */,
				8B94AB091848663200CA5869 /* CoreData.framework in Frameworks */,
				8B94AB071848663200CA5869 /* UIKit.framework in Frameworks */,
				8B94AB031848663200CA5869 /* Foundation.framework in Frameworks */,
			);
			runOnlyForDeploymentPostprocessing = 0;
		};
		8B94AB1C1848663300CA5869 /* Frameworks */ = {
			isa = PBXFrameworksBuildPhase;
			buildActionMask = 2147483647;
			files = (
				8B94AB211848663300CA5869 /* XCTest.framework in Frameworks */,
				8B94AB241848663300CA5869 /* CoreData.framework in Frameworks */,
				8B94AB231848663300CA5869 /* UIKit.framework in Frameworks */,
				8B94AB221848663300CA5869 /* Foundation.framework in Frameworks */,
			);
			runOnlyForDeploymentPostprocessing = 0;
		};
/* End PBXFrameworksBuildPhase section */

/* Begin PBXGroup section */
		37B51C411894980800954432 /* sqlite */ = {
			isa = PBXGroup;
			children = (
				37B51C421894983700954432 /* SessionMessageSqlite.h */,
				37B51C431894983700954432 /* SessionMessageSqlite.m */,
			);
			path = sqlite;
			sourceTree = "<group>";
		};
		37B6E072188E6B2400A273AB /* Business */ = {
			isa = PBXGroup;
			children = (
				37B6E073188E6B6500A273AB /* Message.h */,
				37B6E074188E6B6500A273AB /* Message.m */,
				37BF92FD1891ED3900B50627 /* SessionMessageStyleManager.h */,
				37BF92FE1891ED3900B50627 /* SessionMessageStyleManager.m */,
				37A1797418961CF9003AE118 /* DoctorBusiness.h */,
				37A1797518961CF9003AE118 /* DoctorBusiness.m */,
				37AACA6A1897693200438762 /* Algorithm.h */,
				37AACA6B1897693200438762 /* Algorithm.m */,
			);
			path = Business;
			sourceTree = "<group>";
		};
		8B94AAF61848663200CA5869 = {
			isa = PBXGroup;
			children = (
				8BFE173C187FEC5600D1F48A /* Libs */,
				9C0BFF5F1886D944002845D9 /* Class */,
				8B94AB401848669F00CA5869 /* Resource */,
				8B94AB0A1848663200CA5869 /* HealthManager */,
				8B94AB271848663300CA5869 /* HealthManagerTests */,
				8B94AB011848663200CA5869 /* Frameworks */,
				8B94AB001848663200CA5869 /* Products */,
			);
			sourceTree = "<group>";
		};
		8B94AB001848663200CA5869 /* Products */ = {
			isa = PBXGroup;
			children = (
				8B94AAFF1848663200CA5869 /* HealthManager.app */,
				8B94AB1F1848663300CA5869 /* HealthManagerTests.xctest */,
			);
			name = Products;
			sourceTree = "<group>";
		};
		8B94AB011848663200CA5869 /* Frameworks */ = {
			isa = PBXGroup;
			children = (
				37B51C451894984A00954432 /* libsqlite3.dylib */,
				8BFE1790187FECE300D1F48A /* MobileCoreServices.framework */,
				8BFE178E187FECDC00D1F48A /* SystemConfiguration.framework */,
				37A8D5F51876A23C0015432A /* QuartzCore.framework */,
				8B94AB021848663200CA5869 /* Foundation.framework */,
				8B94AB041848663200CA5869 /* CoreGraphics.framework */,
				8B94AB061848663200CA5869 /* UIKit.framework */,
				8B94AB081848663200CA5869 /* CoreData.framework */,
				8B94AB201848663300CA5869 /* XCTest.framework */,
			);
			name = Frameworks;
			sourceTree = "<group>";
		};
		8B94AB0A1848663200CA5869 /* HealthManager */ = {
			isa = PBXGroup;
			children = (
				8B94AB131848663300CA5869 /* AppDelegate.h */,
				8B94AB141848663300CA5869 /* AppDelegate.m */,
				8B94AB191848663300CA5869 /* Images.xcassets */,
				8B94AB5B184866AE00CA5869 /* ConstantAndDefine.h */,
				8B94AB161848663300CA5869 /* HealthManager.xcdatamodeld */,
				8B94AB0B1848663200CA5869 /* Supporting Files */,
			);
			path = HealthManager;
			sourceTree = "<group>";
		};
		8B94AB0B1848663200CA5869 /* Supporting Files */ = {
			isa = PBXGroup;
			children = (
				8B94AB0C1848663300CA5869 /* HealthManager-Info.plist */,
				8B94AB0D1848663300CA5869 /* InfoPlist.strings */,
				8B94AB101848663300CA5869 /* main.m */,
				8B94AB121848663300CA5869 /* HealthManager-Prefix.pch */,
			);
			name = "Supporting Files";
			sourceTree = "<group>";
		};
		8B94AB271848663300CA5869 /* HealthManagerTests */ = {
			isa = PBXGroup;
			children = (
				8B94AB2D1848663300CA5869 /* HealthManagerTests.m */,
				8B94AB281848663300CA5869 /* Supporting Files */,
			);
			path = HealthManagerTests;
			sourceTree = "<group>";
		};
		8B94AB281848663300CA5869 /* Supporting Files */ = {
			isa = PBXGroup;
			children = (
				8B94AB291848663300CA5869 /* HealthManagerTests-Info.plist */,
				8B94AB2A1848663300CA5869 /* InfoPlist.strings */,
			);
			name = "Supporting Files";
			sourceTree = "<group>";
		};
		8B94AB401848669F00CA5869 /* Resource */ = {
			isa = PBXGroup;
			children = (
				37B51C4B1894EB4600954432 /* Renkoo */,
				37BF939E1891EE8300B50627 /* Template.html */,
				B823225B185F48EA005F2409 /* images */,
				B8232281185F48EA005F2409 /* plist */,
			);
			path = Resource;
			sourceTree = "<group>";
		};
		8B9BEEBB18877F6E00A669C1 /* Tool */ = {
			isa = PBXGroup;
			children = (
				8B9BEEBC18877F6E00A669C1 /* NSDictionary+NullOBJForKey.h */,
				8B9BEEBD18877F6E00A669C1 /* NSDictionary+NullOBJForKey.m */,
				9CFE4E06188826750048C4ED /* Base64 */,
				37B8A0581890AA9A00FE7D44 /* ViewBuilder.h */,
				37B8A0591890AA9A00FE7D44 /* ViewBuilder.m */,
				37B8A05B1890B0FC00FE7D44 /* UILabel+FitHeight.h */,
				37B8A05C1890B0FC00FE7D44 /* UILabel+FitHeight.m */,
			);
			path = Tool;
			sourceTree = "<group>";
		};
		8BFE173C187FEC5600D1F48A /* Libs */ = {
			isa = PBXGroup;
			children = (
				8B9BEEBB18877F6E00A669C1 /* Tool */,
				9C911B0218810299004CD648 /* MBProgressHUD */,
				8BFE173D187FEC5600D1F48A /* AFNetworking */,
				8BFE1753187FEC5600D1F48A /* LSCustomPutIn */,
				8BFE175A187FEC5600D1F48A /* NetManager */,
			);
			path = Libs;
			sourceTree = "<group>";
		};
		8BFE173D187FEC5600D1F48A /* AFNetworking */ = {
			isa = PBXGroup;
			children = (
				8BFE173E187FEC5600D1F48A /* AFHTTPClient.h */,
				8BFE173F187FEC5600D1F48A /* AFHTTPClient.m */,
				8BFE1740187FEC5600D1F48A /* AFHTTPRequestOperation.h */,
				8BFE1741187FEC5600D1F48A /* AFHTTPRequestOperation.m */,
				8BFE1742187FEC5600D1F48A /* AFImageRequestOperation.h */,
				8BFE1743187FEC5600D1F48A /* AFImageRequestOperation.m */,
				8BFE1744187FEC5600D1F48A /* AFJSONRequestOperation.h */,
				8BFE1745187FEC5600D1F48A /* AFJSONRequestOperation.m */,
				8BFE1746187FEC5600D1F48A /* AFNetworkActivityIndicatorManager.h */,
				8BFE1747187FEC5600D1F48A /* AFNetworkActivityIndicatorManager.m */,
				8BFE1748187FEC5600D1F48A /* AFNetworking.h */,
				8BFE1749187FEC5600D1F48A /* AFPropertyListRequestOperation.h */,
				8BFE174A187FEC5600D1F48A /* AFPropertyListRequestOperation.m */,
				8BFE174B187FEC5600D1F48A /* AFURLConnectionOperation.h */,
				8BFE174C187FEC5600D1F48A /* AFURLConnectionOperation.m */,
				8BFE174D187FEC5600D1F48A /* AFXMLRequestOperation.h */,
				8BFE174E187FEC5600D1F48A /* AFXMLRequestOperation.m */,
				8BFE174F187FEC5600D1F48A /* UIImageView+AFNetworking.h */,
				8BFE1750187FEC5600D1F48A /* UIImageView+AFNetworking.m */,
			);
			path = AFNetworking;
			sourceTree = "<group>";
		};
		8BFE1753187FEC5600D1F48A /* LSCustomPutIn */ = {
			isa = PBXGroup;
			children = (
				8BFE1754187FEC5600D1F48A /* LSBackGrayView.h */,
				8BFE1755187FEC5600D1F48A /* LSBackGrayView.m */,
				8BFE1756187FEC5600D1F48A /* LSSegment.h */,
				8BFE1757187FEC5600D1F48A /* LSSegment.m */,
				8BFE1758187FEC5600D1F48A /* LSTextField.h */,
				8BFE1759187FEC5600D1F48A /* LSTextField.m */,
			);
			path = LSCustomPutIn;
			sourceTree = "<group>";
		};
		8BFE175A187FEC5600D1F48A /* NetManager */ = {
			isa = PBXGroup;
			children = (
				8BFE175B187FEC5600D1F48A /* HttpRequestManager.h */,
				8BFE175C187FEC5600D1F48A /* HttpRequestManager.m */,
			);
			path = NetManager;
			sourceTree = "<group>";
		};
		9C0BFF5F1886D944002845D9 /* Class */ = {
			isa = PBXGroup;
			children = (
				37B6E072188E6B2400A273AB /* Business */,
				9C0BFF601886D944002845D9 /* Data */,
				9C0BFF6F1886D944002845D9 /* SuperClass */,
				9C0BFF7B1886D944002845D9 /* ViewController */,
			);
			path = Class;
			sourceTree = "<group>";
		};
		9C0BFF601886D944002845D9 /* Data */ = {
			isa = PBXGroup;
			children = (
				37B51C411894980800954432 /* sqlite */,
				9C0BFF611886D944002845D9 /* CoreData */,
				9C0BFF6A1886D944002845D9 /* Knowledge.h */,
				9C0BFF6B1886D944002845D9 /* Knowledge.m */,
				37A854561889002C00543874 /* Announcement.h */,
				37A854571889002C00543874 /* Announcement.m */,
				37BF92FA1891EAC900B50627 /* SessionMessage.h */,
				37BF92FB1891EAC900B50627 /* SessionMessage.m */,
			);
			path = Data;
			sourceTree = "<group>";
		};
		9C0BFF611886D944002845D9 /* CoreData */ = {
			isa = PBXGroup;
			children = (
				9C0BFF621886D944002845D9 /* CoroDataModel */,
				9C0BFF671886D944002845D9 /* Manager */,
			);
			path = CoreData;
			sourceTree = "<group>";
		};
		9C0BFF621886D944002845D9 /* CoroDataModel */ = {
			isa = PBXGroup;
			children = (
				9C0BFF631886D944002845D9 /* BloodRecordDateData.h */,
				9C0BFF641886D944002845D9 /* BloodRecordDateData.m */,
				9C0BFF651886D944002845D9 /* BloodRecordModel.h */,
				9C0BFF661886D944002845D9 /* BloodRecordModel.m */,
			);
			path = CoroDataModel;
			sourceTree = "<group>";
		};
		9C0BFF671886D944002845D9 /* Manager */ = {
			isa = PBXGroup;
			children = (
				9C0BFF681886D944002845D9 /* BloodRecordManager.h */,
				9C0BFF691886D944002845D9 /* BloodRecordManager.m */,
			);
			path = Manager;
			sourceTree = "<group>";
		};
		9C0BFF6F1886D944002845D9 /* SuperClass */ = {
			isa = PBXGroup;
			children = (
				9C0BFF701886D944002845D9 /* BackButtonViewController.h */,
				9C0BFF711886D944002845D9 /* BackButtonViewController.m */,
				9C0BFF721886D944002845D9 /* Cell */,
				9C0BFF751886D944002845D9 /* NavigationBarViewController.h */,
				9C0BFF761886D944002845D9 /* NavigationBarViewController.m */,
				9C0BFF771886D944002845D9 /* RootSuperViewController.h */,
				9C0BFF781886D944002845D9 /* RootSuperViewController.m */,
				9C0BFF791886D944002845D9 /* SuperListViewController.h */,
				9C0BFF7A1886D944002845D9 /* SuperListViewController.m */,
				8B9C96051888D6E000F87E00 /* SettingAndMoreSuperViewController.h */,
				8B9C96061888D6E000F87E00 /* SettingAndMoreSuperViewController.m */,
			);
			path = SuperClass;
			sourceTree = "<group>";
		};
		9C0BFF721886D944002845D9 /* Cell */ = {
			isa = PBXGroup;
			children = (
				9C0BFF731886D944002845D9 /* RootSuperCell.h */,
				9C0BFF741886D944002845D9 /* RootSuperCell.m */,
			);
			path = Cell;
			sourceTree = "<group>";
		};
		9C0BFF7B1886D944002845D9 /* ViewController */ = {
			isa = PBXGroup;
			children = (
				9C0BFFD31886D9F8002845D9 /* SessionViewController */,
				9C0BFF7C1886D944002845D9 /* AlertViewController */,
				9C0BFF801886D944002845D9 /* BloodViewController */,
				9C0BFF891886D944002845D9 /* DoctorViewController */,
				9C0BFF901886D944002845D9 /* KnowledgeViewController */,
				9C0BFF971886D944002845D9 /* LoginViewController */,
				9C0BFF9B1886D944002845D9 /* MainViewController */,
				9C0BFF9F1886D944002845D9 /* ManagerViewController */,
				9C0BFFA31886D944002845D9 /* MoreViewController */,
				9C0BFFA71886D944002845D9 /* SettingViewController */,
			);
			path = ViewController;
			sourceTree = "<group>";
		};
		9C0BFF7C1886D944002845D9 /* AlertViewController */ = {
			isa = PBXGroup;
			children = (
				9C0BFF7D1886D944002845D9 /* AlertViewController.h */,
				9C0BFF7E1886D944002845D9 /* AlertViewController.m */,
				9C0BFF7F1886D944002845D9 /* AlertViewController.xib */,
				37AACA67189749AC00438762 /* AlertCustomCell.h */,
				37AACA68189749AC00438762 /* AlertCustomCell.m */,
			);
			path = AlertViewController;
			sourceTree = "<group>";
		};
		9C0BFF801886D944002845D9 /* BloodViewController */ = {
			isa = PBXGroup;
			children = (
				9C0BFF811886D944002845D9 /* BloodRecord.h */,
				9C0BFF821886D944002845D9 /* BloodRecord.m */,
				9C0BFF831886D944002845D9 /* BloodRecord.xib */,
				9C0BFF841886D944002845D9 /* BloodViewController.h */,
				9C0BFF851886D944002845D9 /* BloodViewController.m */,
				9C0BFF861886D944002845D9 /* BloodViewController.xib */,
				9C0BFF871886D944002845D9 /* LineChartView.h */,
				9C0BFF881886D944002845D9 /* LineChartView.m */,
			);
			path = BloodViewController;
			sourceTree = "<group>";
		};
		9C0BFF891886D944002845D9 /* DoctorViewController */ = {
			isa = PBXGroup;
			children = (
				9C0BFF8A1886D944002845D9 /* DoctorCell.h */,
				9C0BFF8B1886D944002845D9 /* DoctorCell.m */,
				9C0BFF8C1886D944002845D9 /* DoctorCell.xib */,
				9C0BFF8D1886D944002845D9 /* DoctorViewController.h */,
				9C0BFF8E1886D944002845D9 /* DoctorViewController.m */,
				9C0BFF8F1886D944002845D9 /* DoctorViewController.xib */,
			);
			path = DoctorViewController;
			sourceTree = "<group>";
		};
		9C0BFF901886D944002845D9 /* KnowledgeViewController */ = {
			isa = PBXGroup;
			children = (
				9C0BFF911886D944002845D9 /* KnowledgeDetailViewController.h */,
				9C0BFF921886D944002845D9 /* KnowledgeDetailViewController.m */,
				9C0BFF931886D944002845D9 /* KnowledgeDetailViewController.xib */,
				9C0BFF941886D944002845D9 /* KnowledgeViewController.h */,
				9C0BFF951886D944002845D9 /* KnowledgeViewController.m */,
				9C0BFF961886D944002845D9 /* KnowledgeViewController.xib */,
			);
			path = KnowledgeViewController;
			sourceTree = "<group>";
		};
		9C0BFF971886D944002845D9 /* LoginViewController */ = {
			isa = PBXGroup;
			children = (
				9C0BFF981886D944002845D9 /* LoginViewController.h */,
				9C0BFF991886D944002845D9 /* LoginViewController.m */,
				9C0BFF9A1886D944002845D9 /* LoginViewController.xib */,
				37C64E9D188CEF970041BAA7 /* ForgetPasswordViewController.h */,
				37C64E9E188CEF970041BAA7 /* ForgetPasswordViewController.m */,
				37C64E9F188CEF970041BAA7 /* ForgetPasswordViewController.xib */,
				37C64EA2188CFF010041BAA7 /* ForgetPasswordSetPWDViewController.h */,
				37C64EA3188CFF010041BAA7 /* ForgetPasswordSetPWDViewController.m */,
				37C64EA4188CFF010041BAA7 /* ForgetPasswordSetPWDViewController.xib */,
				37B6E06D188E35FF00A273AB /* ModifyPasswordViewController.h */,
				37B6E06E188E35FF00A273AB /* ModifyPasswordViewController.m */,
				37B6E06F188E35FF00A273AB /* ModifyPasswordViewController.xib */,
			);
			path = LoginViewController;
			sourceTree = "<group>";
		};
		9C0BFF9B1886D944002845D9 /* MainViewController */ = {
			isa = PBXGroup;
			children = (
				9C0BFF9C1886D944002845D9 /* MainViewController.h */,
				9C0BFF9D1886D944002845D9 /* MainViewController.m */,
				9C0BFF9E1886D944002845D9 /* MainViewController.xib */,
			);
			path = MainViewController;
			sourceTree = "<group>";
		};
		9C0BFF9F1886D944002845D9 /* ManagerViewController */ = {
			isa = PBXGroup;
			children = (
				9C0BFFA01886D944002845D9 /* ManagerViewController.h */,
				9C0BFFA11886D944002845D9 /* ManagerViewController.m */,
				9C0BFFA21886D944002845D9 /* ManagerViewController.xib */,
			);
			path = ManagerViewController;
			sourceTree = "<group>";
		};
		9C0BFFA31886D944002845D9 /* MoreViewController */ = {
			isa = PBXGroup;
			children = (
				37A8544C1888EB4500543874 /* AnnouncementViewController.h */,
				37A8544D1888EB4500543874 /* AnnouncementViewController.m */,
				37A8544E1888EB4500543874 /* AnnouncementViewController.xib */,
				9C0BFFA41886D944002845D9 /* MoreViewController.h */,
				9C0BFFA51886D944002845D9 /* MoreViewController.m */,
				9C0BFFA61886D944002845D9 /* MoreViewController.xib */,
				37A854591889012500543874 /* AnnouncementDetailViewController.h */,
				37A8545A1889012500543874 /* AnnouncementDetailViewController.m */,
				37A8545B1889012500543874 /* AnnouncementDetailViewController.xib */,
				375ED8F9188F5F0500423CF8 /* FeedbackViewController.h */,
				375ED8FA188F5F0500423CF8 /* FeedbackViewController.m */,
				375ED8FB188F5F0500423CF8 /* FeedbackViewController.xib */,
			);
			path = MoreViewController;
			sourceTree = "<group>";
		};
		9C0BFFA71886D944002845D9 /* SettingViewController */ = {
			isa = PBXGroup;
			children = (
				9C0BFFA81886D944002845D9 /* SettingRemindTimeViewController.h */,
				9C0BFFA91886D944002845D9 /* SettingRemindTimeViewController.m */,
				9C0BFFAA1886D944002845D9 /* SettingRemindTimeViewController.xib */,
				9C0BFFAB1886D944002845D9 /* SettingViewController.h */,
				9C0BFFAC1886D944002845D9 /* SettingViewController.m */,
				9C0BFFAD1886D944002845D9 /* SettingViewController.xib */,
			);
			path = SettingViewController;
			sourceTree = "<group>";
		};
		9C0BFFD31886D9F8002845D9 /* SessionViewController */ = {
			isa = PBXGroup;
			children = (
				9C0BFFD41886DA30002845D9 /* SessionViewController.h */,
				9C0BFFD51886DA30002845D9 /* SessionViewController.m */,
				37B8A0631890FAC000FE7D44 /* SessionViewController.xib */,
			);
			path = SessionViewController;
			sourceTree = "<group>";
		};
		9C911B0218810299004CD648 /* MBProgressHUD */ = {
			isa = PBXGroup;
			children = (
				9C911B0518810299004CD648 /* MBProgressHUD.h */,
				9C911B0618810299004CD648 /* MBProgressHUD.m */,
			);
			path = MBProgressHUD;
			sourceTree = "<group>";
		};
		9CFE4E06188826750048C4ED /* Base64 */ = {
			isa = PBXGroup;
			children = (
				9CFE4E07188826750048C4ED /* Base64.h */,
				9CFE4E08188826750048C4ED /* Base64.m */,
			);
			path = Base64;
			sourceTree = "<group>";
		};
		B823225B185F48EA005F2409 /* images */ = {
			isa = PBXGroup;
			children = (
				B823225C185F48EA005F2409 /* arrow@2x.png */,
				B823225D185F48EA005F2409 /* bbi_left@2x.png */,
				B823225E185F48EA005F2409 /* blood_segment_1@2x.png */,
				B823225F185F48EA005F2409 /* blood_segment_2@2x.png */,
				B8232260185F48EA005F2409 /* blood_segment_3@2x.png */,
				B8232261185F48EA005F2409 /* blood_segment_selected_1@2x.png */,
				B8232262185F48EA005F2409 /* blood_segment_selected_2@2x.png */,
				B8232263185F48EA005F2409 /* blood_segment_selected_3@2x.png */,
				B8232264185F48EA005F2409 /* blood_table_hit@2x.png */,
				B8232265185F48EA005F2409 /* blood_texfield@2x.png */,
				B8232266185F48EA005F2409 /* blood_texfield_selected@2x.png */,
				B8232267185F48EA005F2409 /* bt_cancel@2x.png */,
				B8232268185F48EA005F2409 /* bt_forget@2x.png */,
				B8232269185F48EA005F2409 /* bt_login@2x.png */,
				B823226A185F48EA005F2409 /* bt_logoff@2x.png */,
				B823226B185F48EA005F2409 /* bt_ok@2x.png */,
				B823226C185F48EA005F2409 /* bt_pop_cancel@2x.png */,
				B823226D185F48EA005F2409 /* bt_pop_ok@2x.png */,
				B823226E185F48EA005F2409 /* bt_save@2x.png */,
				B823226F185F48EA005F2409 /* Default-568h@2x.png */,
				B8232270185F48EA005F2409 /* Default@2x.png */,
				8B9BEEB51887736200A669C1 /* defaultProfile.png */,
				B8232271185F48EA005F2409 /* doctorButton@2x.png */,
				B8232272185F48EA005F2409 /* Icon-114.png */,
				B8232273185F48EA005F2409 /* Icon-72.png */,
				B8232274185F48EA005F2409 /* Icon-Small@2x.png */,
				B8232275185F48EA005F2409 /* Icon.png */,
				B8232276185F48EA005F2409 /* login_background@2x.png */,
				B8232277185F48EA005F2409 /* main_btn_1@2x.png */,
				B8232278185F48EA005F2409 /* main_btn_2@2x.png */,
				B8232279185F48EA005F2409 /* main_btn_3@2x.png */,
				B823227A185F48EA005F2409 /* main_btn_4@2x.png */,
				B823227B185F48EA005F2409 /* main_btn_5@2x.png */,
				B823227C185F48EA005F2409 /* main_btn_6@2x.png */,
				B823227D185F48EA005F2409 /* main_btn_7@2x.png */,
				B823227E185F48EA005F2409 /* navigation@2x.png */,
				B823227F185F48EA005F2409 /* portrait@2x.png */,
				B8232280185F48EA005F2409 /* textfield@2x.png */,
			);
			path = images;
			sourceTree = "<group>";
		};
		B8232281185F48EA005F2409 /* plist */ = {
			isa = PBXGroup;
			children = (
				37A3E56B187E31B500F075B0 /* AppPropertyList.plist */,
			);
			path = plist;
			sourceTree = "<group>";
		};
/* End PBXGroup section */

/* Begin PBXNativeTarget section */
		8B94AAFE1848663200CA5869 /* HealthManager */ = {
			isa = PBXNativeTarget;
			buildConfigurationList = 8B94AB311848663300CA5869 /* Build configuration list for PBXNativeTarget "HealthManager" */;
			buildPhases = (
				8B94AAFB1848663200CA5869 /* Sources */,
				8B94AAFC1848663200CA5869 /* Frameworks */,
				8B94AAFD1848663200CA5869 /* Resources */,
			);
			buildRules = (
			);
			dependencies = (
			);
			name = HealthManager;
			productName = HealthManager;
			productReference = 8B94AAFF1848663200CA5869 /* HealthManager.app */;
			productType = "com.apple.product-type.application";
		};
		8B94AB1E1848663300CA5869 /* HealthManagerTests */ = {
			isa = PBXNativeTarget;
			buildConfigurationList = 8B94AB341848663300CA5869 /* Build configuration list for PBXNativeTarget "HealthManagerTests" */;
			buildPhases = (
				8B94AB1B1848663300CA5869 /* Sources */,
				8B94AB1C1848663300CA5869 /* Frameworks */,
				8B94AB1D1848663300CA5869 /* Resources */,
			);
			buildRules = (
			);
			dependencies = (
				8B94AB261848663300CA5869 /* PBXTargetDependency */,
			);
			name = HealthManagerTests;
			productName = HealthManagerTests;
			productReference = 8B94AB1F1848663300CA5869 /* HealthManagerTests.xctest */;
			productType = "com.apple.product-type.bundle.unit-test";
		};
/* End PBXNativeTarget section */

/* Begin PBXProject section */
		8B94AAF71848663200CA5869 /* Project object */ = {
			isa = PBXProject;
			attributes = {
				LastUpgradeCheck = 0500;
				ORGANIZATIONNAME = LiShuo;
				TargetAttributes = {
					8B94AAFE1848663200CA5869 = {
						DevelopmentTeam = 78T6PRHM6V;
					};
					8B94AB1E1848663300CA5869 = {
						TestTargetID = 8B94AAFE1848663200CA5869;
					};
				};
			};
			buildConfigurationList = 8B94AAFA1848663200CA5869 /* Build configuration list for PBXProject "HealthManager" */;
			compatibilityVersion = "Xcode 3.2";
			developmentRegion = English;
			hasScannedForEncodings = 0;
			knownRegions = (
				en,
			);
			mainGroup = 8B94AAF61848663200CA5869;
			productRefGroup = 8B94AB001848663200CA5869 /* Products */;
			projectDirPath = "";
			projectRoot = "";
			targets = (
				8B94AAFE1848663200CA5869 /* HealthManager */,
				8B94AB1E1848663300CA5869 /* HealthManagerTests */,
			);
		};
/* End PBXProject section */

/* Begin PBXResourcesBuildPhase section */
		8B94AAFD1848663200CA5869 /* Resources */ = {
			isa = PBXResourcesBuildPhase;
			buildActionMask = 2147483647;
			files = (
				9C0BFFBD1886D944002845D9 /* BloodViewController.xib in Resources */,
				B8232283185F48EA005F2409 /* bbi_left@2x.png in Resources */,
				37A854501888EB4500543874 /* AnnouncementViewController.xib in Resources */,
				B823229E185F48EA005F2409 /* main_btn_2@2x.png in Resources */,
				B823228D185F48EA005F2409 /* bt_cancel@2x.png in Resources */,
				B8232282185F48EA005F2409 /* arrow@2x.png in Resources */,
				B8232287185F48EA005F2409 /* blood_segment_selected_1@2x.png in Resources */,
				B82322A5185F48EA005F2409 /* portrait@2x.png in Resources */,
				B823228F185F48EA005F2409 /* bt_login@2x.png in Resources */,
				8B9BEEB61887736200A669C1 /* defaultProfile.png in Resources */,
				B8232293185F48EA005F2409 /* bt_pop_ok@2x.png in Resources */,
				8B94AB0F1848663300CA5869 /* InfoPlist.strings in Resources */,
				37B8A0641890FAC000FE7D44 /* SessionViewController.xib in Resources */,
				9C0BFFC61886D944002845D9 /* KnowledgeViewController.xib in Resources */,
				375ED8FD188F5F0500423CF8 /* FeedbackViewController.xib in Resources */,
				B8232298185F48EA005F2409 /* Icon-114.png in Resources */,
				37B6E071188E35FF00A273AB /* ModifyPasswordViewController.xib in Resources */,
				B82322A6185F48EA005F2409 /* textfield@2x.png in Resources */,
				9C0BFFCA1886D944002845D9 /* MainViewController.xib in Resources */,
				37A3E56C187E31B500F075B0 /* AppPropertyList.plist in Resources */,
				B82322A3185F48EA005F2409 /* main_btn_7@2x.png in Resources */,
				B823228B185F48EA005F2409 /* blood_texfield@2x.png in Resources */,
				9C0BFFCC1886D944002845D9 /* ManagerViewController.xib in Resources */,
				B823229A185F48EA005F2409 /* Icon-Small@2x.png in Resources */,
				B8232296185F48EA005F2409 /* Default@2x.png in Resources */,
				B8232290185F48EA005F2409 /* bt_logoff@2x.png in Resources */,
				B823229D185F48EA005F2409 /* main_btn_1@2x.png in Resources */,
				37C64EA6188CFF010041BAA7 /* ForgetPasswordSetPWDViewController.xib in Resources */,
				B823228C185F48EA005F2409 /* blood_texfield_selected@2x.png in Resources */,
				B82322A1185F48EA005F2409 /* main_btn_5@2x.png in Resources */,
				37C64EA1188CEF970041BAA7 /* ForgetPasswordViewController.xib in Resources */,
				B823229B185F48EA005F2409 /* Icon.png in Resources */,
				8B94AB1A1848663300CA5869 /* Images.xcassets in Resources */,
				B82322A0185F48EA005F2409 /* main_btn_4@2x.png in Resources */,
				B8232294185F48EA005F2409 /* bt_save@2x.png in Resources */,
				B8232297185F48EA005F2409 /* doctorButton@2x.png in Resources */,
				B82322A2185F48EA005F2409 /* main_btn_6@2x.png in Resources */,
				9C0BFFD01886D944002845D9 /* SettingRemindTimeViewController.xib in Resources */,
				37B51C4C1894EB4600954432 /* Renkoo in Resources */,
				B823228A185F48EA005F2409 /* blood_table_hit@2x.png in Resources */,
				9C0BFFD21886D944002845D9 /* SettingViewController.xib in Resources */,
				9C0BFFB91886D944002845D9 /* AlertViewController.xib in Resources */,
				B8232284185F48EA005F2409 /* blood_segment_1@2x.png in Resources */,
				B8232291185F48EA005F2409 /* bt_ok@2x.png in Resources */,
				B823228E185F48EA005F2409 /* bt_forget@2x.png in Resources */,
				B8232292185F48EA005F2409 /* bt_pop_cancel@2x.png in Resources */,
				B823229F185F48EA005F2409 /* main_btn_3@2x.png in Resources */,
				B823229C185F48EA005F2409 /* login_background@2x.png in Resources */,
				9C0BFFC21886D944002845D9 /* DoctorViewController.xib in Resources */,
				B8232289185F48EA005F2409 /* blood_segment_selected_3@2x.png in Resources */,
				B8232285185F48EA005F2409 /* blood_segment_2@2x.png in Resources */,
				37BF94371891EE8300B50627 /* Template.html in Resources */,
				9C0BFFCE1886D944002845D9 /* MoreViewController.xib in Resources */,
				9C0BFFC41886D944002845D9 /* KnowledgeDetailViewController.xib in Resources */,
				B8232288185F48EA005F2409 /* blood_segment_selected_2@2x.png in Resources */,
				9C0BFFC01886D944002845D9 /* DoctorCell.xib in Resources */,
				B8232299185F48EA005F2409 /* Icon-72.png in Resources */,
				B82322A4185F48EA005F2409 /* navigation@2x.png in Resources */,
				9C0BFFC81886D944002845D9 /* LoginViewController.xib in Resources */,
				B8232295185F48EA005F2409 /* Default-568h@2x.png in Resources */,
				B8232286185F48EA005F2409 /* blood_segment_3@2x.png in Resources */,
				37A8545D1889012500543874 /* AnnouncementDetailViewController.xib in Resources */,
				9C0BFFBB1886D944002845D9 /* BloodRecord.xib in Resources */,
			);
			runOnlyForDeploymentPostprocessing = 0;
		};
		8B94AB1D1848663300CA5869 /* Resources */ = {
			isa = PBXResourcesBuildPhase;
			buildActionMask = 2147483647;
			files = (
				8B94AB2C1848663300CA5869 /* InfoPlist.strings in Resources */,
			);
			runOnlyForDeploymentPostprocessing = 0;
		};
/* End PBXResourcesBuildPhase section */

/* Begin PBXSourcesBuildPhase section */
		8B94AAFB1848663200CA5869 /* Sources */ = {
			isa = PBXSourcesBuildPhase;
			buildActionMask = 2147483647;
			files = (
				8BFE177C187FEC5700D1F48A /* AFHTTPRequestOperation.m in Sources */,
				9C0BFFC91886D944002845D9 /* MainViewController.m in Sources */,
				37C64EA0188CEF970041BAA7 /* ForgetPasswordViewController.m in Sources */,
				8B94AB151848663300CA5869 /* AppDelegate.m in Sources */,
				9C0BFFAF1886D944002845D9 /* BloodRecordModel.m in Sources */,
				8BFE1786187FEC5700D1F48A /* LSSegment.m in Sources */,
				8B9BEEBE18877F6E00A669C1 /* NSDictionary+NullOBJForKey.m in Sources */,
				9C0BFFCF1886D944002845D9 /* SettingRemindTimeViewController.m in Sources */,
				9C0BFFBA1886D944002845D9 /* BloodRecord.m in Sources */,
				8BFE1782187FEC5700D1F48A /* AFXMLRequestOperation.m in Sources */,
				9C0BFFCD1886D944002845D9 /* MoreViewController.m in Sources */,
				37B8A05A1890AA9A00FE7D44 /* ViewBuilder.m in Sources */,
				375ED8FC188F5F0500423CF8 /* FeedbackViewController.m in Sources */,
				9C0BFFB01886D944002845D9 /* BloodRecordManager.m in Sources */,
				9C911B0918810299004CD648 /* MBProgressHUD.m in Sources */,
				37B6E075188E6B6500A273AB /* Message.m in Sources */,
				8BFE177D187FEC5700D1F48A /* AFImageRequestOperation.m in Sources */,
				8BFE177B187FEC5700D1F48A /* AFHTTPClient.m in Sources */,
				9C0BFFB51886D944002845D9 /* NavigationBarViewController.m in Sources */,
				8BFE1781187FEC5700D1F48A /* AFURLConnectionOperation.m in Sources */,
				37BF92FF1891ED3900B50627 /* SessionMessageStyleManager.m in Sources */,
				37A8545C1889012500543874 /* AnnouncementDetailViewController.m in Sources */,
				8BFE1780187FEC5700D1F48A /* AFPropertyListRequestOperation.m in Sources */,
				8BFE177E187FEC5700D1F48A /* AFJSONRequestOperation.m in Sources */,
				9C0BFFC31886D944002845D9 /* KnowledgeDetailViewController.m in Sources */,
				37AACA6C1897693200438762 /* Algorithm.m in Sources */,
				9C0BFFB31886D944002845D9 /* BackButtonViewController.m in Sources */,
				8BFE1787187FEC5700D1F48A /* LSTextField.m in Sources */,
				9C0BFFCB1886D944002845D9 /* ManagerViewController.m in Sources */,
				37A1797618961CF9003AE118 /* DoctorBusiness.m in Sources */,
				9C0BFFAE1886D944002845D9 /* BloodRecordDateData.m in Sources */,
				37A8544F1888EB4500543874 /* AnnouncementViewController.m in Sources */,
				8BFE1788187FEC5700D1F48A /* HttpRequestManager.m in Sources */,
				9C0BFFD61886DA30002845D9 /* SessionViewController.m in Sources */,
				9C0BFFBF1886D944002845D9 /* DoctorCell.m in Sources */,
				9C0BFFC11886D944002845D9 /* DoctorViewController.m in Sources */,
				9C0BFFBE1886D944002845D9 /* LineChartView.m in Sources */,
				9C0BFFD11886D944002845D9 /* SettingViewController.m in Sources */,
				9C0BFFB71886D944002845D9 /* SuperListViewController.m in Sources */,
				9C0BFFBC1886D944002845D9 /* BloodViewController.m in Sources */,
				8BFE177F187FEC5700D1F48A /* AFNetworkActivityIndicatorManager.m in Sources */,
				37C64EA5188CFF010041BAA7 /* ForgetPasswordSetPWDViewController.m in Sources */,
				9CFE4E09188826750048C4ED /* Base64.m in Sources */,
				8BFE1785187FEC5700D1F48A /* LSBackGrayView.m in Sources */,
				9C0BFFC51886D944002845D9 /* KnowledgeViewController.m in Sources */,
				8B94AB111848663300CA5869 /* main.m in Sources */,
				8B94AB181848663300CA5869 /* HealthManager.xcdatamodeld in Sources */,
				37B6E070188E35FF00A273AB /* ModifyPasswordViewController.m in Sources */,
				9C0BFFB11886D944002845D9 /* Knowledge.m in Sources */,
				9C0BFFB81886D944002845D9 /* AlertViewController.m in Sources */,
				37B51C441894983700954432 /* SessionMessageSqlite.m in Sources */,
				37B8A05D1890B0FC00FE7D44 /* UILabel+FitHeight.m in Sources */,
				9C0BFFB41886D944002845D9 /* RootSuperCell.m in Sources */,
				37A854581889002C00543874 /* Announcement.m in Sources */,
				9C0BFFC71886D944002845D9 /* LoginViewController.m in Sources */,
				37AACA69189749AC00438762 /* AlertCustomCell.m in Sources */,
				8B9C96071888D6E000F87E00 /* SettingAndMoreSuperViewController.m in Sources */,
				37BF92FC1891EAC900B50627 /* SessionMessage.m in Sources */,
				9C0BFFB61886D944002845D9 /* RootSuperViewController.m in Sources */,
				8BFE1783187FEC5700D1F48A /* UIImageView+AFNetworking.m in Sources */,
			);
			runOnlyForDeploymentPostprocessing = 0;
		};
		8B94AB1B1848663300CA5869 /* Sources */ = {
			isa = PBXSourcesBuildPhase;
			buildActionMask = 2147483647;
			files = (
				8B94AB2E1848663300CA5869 /* HealthManagerTests.m in Sources */,
			);
			runOnlyForDeploymentPostprocessing = 0;
		};
/* End PBXSourcesBuildPhase section */

/* Begin PBXTargetDependency section */
		8B94AB261848663300CA5869 /* PBXTargetDependency */ = {
			isa = PBXTargetDependency;
			target = 8B94AAFE1848663200CA5869 /* HealthManager */;
			targetProxy = 8B94AB251848663300CA5869 /* PBXContainerItemProxy */;
		};
/* End PBXTargetDependency section */

/* Begin PBXVariantGroup section */
		8B94AB0D1848663300CA5869 /* InfoPlist.strings */ = {
			isa = PBXVariantGroup;
			children = (
				8B94AB0E1848663300CA5869 /* en */,
			);
			name = InfoPlist.strings;
			sourceTree = "<group>";
		};
		8B94AB2A1848663300CA5869 /* InfoPlist.strings */ = {
			isa = PBXVariantGroup;
			children = (
				8B94AB2B1848663300CA5869 /* en */,
			);
			name = InfoPlist.strings;
			sourceTree = "<group>";
		};
/* End PBXVariantGroup section */

/* Begin XCBuildConfiguration section */
		8B94AB2F1848663300CA5869 /* Debug */ = {
			isa = XCBuildConfiguration;
			buildSettings = {
				ALWAYS_SEARCH_USER_PATHS = NO;
				ARCHS = "$(ARCHS_STANDARD_INCLUDING_64_BIT)";
				CLANG_CXX_LANGUAGE_STANDARD = "gnu++0x";
				CLANG_CXX_LIBRARY = "libc++";
				CLANG_ENABLE_MODULES = YES;
				CLANG_ENABLE_OBJC_ARC = YES;
				CLANG_WARN_BOOL_CONVERSION = YES;
				CLANG_WARN_CONSTANT_CONVERSION = YES;
				CLANG_WARN_DIRECT_OBJC_ISA_USAGE = YES_ERROR;
				CLANG_WARN_EMPTY_BODY = YES;
				CLANG_WARN_ENUM_CONVERSION = YES;
				CLANG_WARN_INT_CONVERSION = YES;
				CLANG_WARN_OBJC_ROOT_CLASS = YES_ERROR;
				CLANG_WARN__DUPLICATE_METHOD_MATCH = YES;
				CODE_SIGN_IDENTITY = "iPhone Developer";
				"CODE_SIGN_IDENTITY[sdk=iphoneos*]" = "iPhone Developer";
				COPY_PHASE_STRIP = NO;
				GCC_C_LANGUAGE_STANDARD = gnu99;
				GCC_DYNAMIC_NO_PIC = NO;
				GCC_OPTIMIZATION_LEVEL = 0;
				GCC_PREPROCESSOR_DEFINITIONS = (
					"DEBUG=1",
					"$(inherited)",
				);
				GCC_SYMBOLS_PRIVATE_EXTERN = NO;
				GCC_WARN_64_TO_32_BIT_CONVERSION = YES;
				GCC_WARN_ABOUT_RETURN_TYPE = YES_ERROR;
				GCC_WARN_UNDECLARED_SELECTOR = YES;
				GCC_WARN_UNINITIALIZED_AUTOS = YES;
				GCC_WARN_UNUSED_FUNCTION = YES;
				GCC_WARN_UNUSED_VARIABLE = YES;
				IPHONEOS_DEPLOYMENT_TARGET = 5.0;
				ONLY_ACTIVE_ARCH = YES;
				SDKROOT = iphoneos;
			};
			name = Debug;
		};
		8B94AB301848663300CA5869 /* Release */ = {
			isa = XCBuildConfiguration;
			buildSettings = {
				ALWAYS_SEARCH_USER_PATHS = NO;
				ARCHS = "$(ARCHS_STANDARD_INCLUDING_64_BIT)";
				CLANG_CXX_LANGUAGE_STANDARD = "gnu++0x";
				CLANG_CXX_LIBRARY = "libc++";
				CLANG_ENABLE_MODULES = YES;
				CLANG_ENABLE_OBJC_ARC = YES;
				CLANG_WARN_BOOL_CONVERSION = YES;
				CLANG_WARN_CONSTANT_CONVERSION = YES;
				CLANG_WARN_DIRECT_OBJC_ISA_USAGE = YES_ERROR;
				CLANG_WARN_EMPTY_BODY = YES;
				CLANG_WARN_ENUM_CONVERSION = YES;
				CLANG_WARN_INT_CONVERSION = YES;
				CLANG_WARN_OBJC_ROOT_CLASS = YES_ERROR;
				CLANG_WARN__DUPLICATE_METHOD_MATCH = YES;
				CODE_SIGN_IDENTITY = "iPhone Developer";
				"CODE_SIGN_IDENTITY[sdk=iphoneos*]" = "iPhone Developer";
				COPY_PHASE_STRIP = YES;
				ENABLE_NS_ASSERTIONS = NO;
				GCC_C_LANGUAGE_STANDARD = gnu99;
				GCC_WARN_64_TO_32_BIT_CONVERSION = YES;
				GCC_WARN_ABOUT_RETURN_TYPE = YES_ERROR;
				GCC_WARN_UNDECLARED_SELECTOR = YES;
				GCC_WARN_UNINITIALIZED_AUTOS = YES;
				GCC_WARN_UNUSED_FUNCTION = YES;
				GCC_WARN_UNUSED_VARIABLE = YES;
				IPHONEOS_DEPLOYMENT_TARGET = 5.0;
				SDKROOT = iphoneos;
				VALIDATE_PRODUCT = YES;
			};
			name = Release;
		};
		8B94AB321848663300CA5869 /* Debug */ = {
			isa = XCBuildConfiguration;
			buildSettings = {
				ASSETCATALOG_COMPILER_APPICON_NAME = AppIcon;
				ASSETCATALOG_COMPILER_LAUNCHIMAGE_NAME = LaunchImage;
				CODE_SIGN_IDENTITY = "iPhone Developer";
				"CODE_SIGN_IDENTITY[sdk=iphoneos*]" = "iPhone Developer";
				GCC_PRECOMPILE_PREFIX_HEADER = YES;
				GCC_PREFIX_HEADER = "HealthManager/HealthManager-Prefix.pch";
				INFOPLIST_FILE = "HealthManager/HealthManager-Info.plist";
				IPHONEOS_DEPLOYMENT_TARGET = 5.0;
				LIBRARY_SEARCH_PATHS = "$(SRCROOT)/Libs/ZBarSDK";
				PRODUCT_NAME = "$(TARGET_NAME)";
				PROVISIONING_PROFILE = "";
				WRAPPER_EXTENSION = app;
			};
			name = Debug;
		};
		8B94AB331848663300CA5869 /* Release */ = {
			isa = XCBuildConfiguration;
			buildSettings = {
				ASSETCATALOG_COMPILER_APPICON_NAME = AppIcon;
				ASSETCATALOG_COMPILER_LAUNCHIMAGE_NAME = LaunchImage;
				CODE_SIGN_IDENTITY = "iPhone Developer";
				"CODE_SIGN_IDENTITY[sdk=iphoneos*]" = "iPhone Developer";
				GCC_PRECOMPILE_PREFIX_HEADER = YES;
				GCC_PREFIX_HEADER = "HealthManager/HealthManager-Prefix.pch";
				INFOPLIST_FILE = "HealthManager/HealthManager-Info.plist";
				IPHONEOS_DEPLOYMENT_TARGET = 5.0;
				LIBRARY_SEARCH_PATHS = "$(SRCROOT)/Libs/ZBarSDK";
				PRODUCT_NAME = "$(TARGET_NAME)";
				PROVISIONING_PROFILE = "";
				WRAPPER_EXTENSION = app;
			};
			name = Release;
		};
		8B94AB351848663300CA5869 /* Debug */ = {
			isa = XCBuildConfiguration;
			buildSettings = {
				ARCHS = "$(ARCHS_STANDARD_INCLUDING_64_BIT)";
				BUNDLE_LOADER = "$(BUILT_PRODUCTS_DIR)/HealthManager.app/HealthManager";
				FRAMEWORK_SEARCH_PATHS = (
					"$(SDKROOT)/Developer/Library/Frameworks",
					"$(inherited)",
					"$(DEVELOPER_FRAMEWORKS_DIR)",
				);
				GCC_PRECOMPILE_PREFIX_HEADER = YES;
				GCC_PREFIX_HEADER = "HealthManager/HealthManager-Prefix.pch";
				GCC_PREPROCESSOR_DEFINITIONS = (
					"DEBUG=1",
					"$(inherited)",
				);
				INFOPLIST_FILE = "HealthManagerTests/HealthManagerTests-Info.plist";
				PRODUCT_NAME = "$(TARGET_NAME)";
				TEST_HOST = "$(BUNDLE_LOADER)";
				WRAPPER_EXTENSION = xctest;
			};
			name = Debug;
		};
		8B94AB361848663300CA5869 /* Release */ = {
			isa = XCBuildConfiguration;
			buildSettings = {
				ARCHS = "$(ARCHS_STANDARD_INCLUDING_64_BIT)";
				BUNDLE_LOADER = "$(BUILT_PRODUCTS_DIR)/HealthManager.app/HealthManager";
				FRAMEWORK_SEARCH_PATHS = (
					"$(SDKROOT)/Developer/Library/Frameworks",
					"$(inherited)",
					"$(DEVELOPER_FRAMEWORKS_DIR)",
				);
				GCC_PRECOMPILE_PREFIX_HEADER = YES;
				GCC_PREFIX_HEADER = "HealthManager/HealthManager-Prefix.pch";
				INFOPLIST_FILE = "HealthManagerTests/HealthManagerTests-Info.plist";
				PRODUCT_NAME = "$(TARGET_NAME)";
				TEST_HOST = "$(BUNDLE_LOADER)";
				WRAPPER_EXTENSION = xctest;
			};
			name = Release;
		};
/* End XCBuildConfiguration section */

/* Begin XCConfigurationList section */
		8B94AAFA1848663200CA5869 /* Build configuration list for PBXProject "HealthManager" */ = {
			isa = XCConfigurationList;
			buildConfigurations = (
				8B94AB2F1848663300CA5869 /* Debug */,
				8B94AB301848663300CA5869 /* Release */,
			);
			defaultConfigurationIsVisible = 0;
			defaultConfigurationName = Release;
		};
		8B94AB311848663300CA5869 /* Build configuration list for PBXNativeTarget "HealthManager" */ = {
			isa = XCConfigurationList;
			buildConfigurations = (
				8B94AB321848663300CA5869 /* Debug */,
				8B94AB331848663300CA5869 /* Release */,
			);
			defaultConfigurationIsVisible = 0;
			defaultConfigurationName = Release;
		};
		8B94AB341848663300CA5869 /* Build configuration list for PBXNativeTarget "HealthManagerTests" */ = {
			isa = XCConfigurationList;
			buildConfigurations = (
				8B94AB351848663300CA5869 /* Debug */,
				8B94AB361848663300CA5869 /* Release */,
			);
			defaultConfigurationIsVisible = 0;
			defaultConfigurationName = Release;
		};
/* End XCConfigurationList section */

/* Begin XCVersionGroup section */
		8B94AB161848663300CA5869 /* HealthManager.xcdatamodeld */ = {
			isa = XCVersionGroup;
			children = (
				8B94AB171848663300CA5869 /* HealthManager.xcdatamodel */,
			);
			currentVersion = 8B94AB171848663300CA5869 /* HealthManager.xcdatamodel */;
			path = HealthManager.xcdatamodeld;
			sourceTree = "<group>";
			versionGroupType = wrapper.xcdatamodel;
		};
/* End XCVersionGroup section */
	};
	rootObject = 8B94AAF71848663200CA5869 /* Project object */;
}
